<?xml version="1.0" encoding="utf-8"?>
<Project ToolsVersion="17.0" xmlns="http://schemas.microsoft.com/developer/msbuild/2003">
  <ItemGroup>
    <CustomBuild Include="C:\Users\David Work\Desktop\DreamerCollectiveprojects\DreamerEpicCycle\CMakeFiles\4450fd6e19bc21f9f0a85fb1a46dca42\colored_triangle.frag.spv.rule">
      <Filter>CMake Rules</Filter>
    </CustomBuild>
    <CustomBuild Include="C:\Users\David Work\Desktop\DreamerCollectiveprojects\DreamerEpicCycle\CMakeFiles\4450fd6e19bc21f9f0a85fb1a46dca42\colored_triangle.vert.spv.rule">
      <Filter>CMake Rules</Filter>
    </CustomBuild>
    <CustomBuild Include="C:\Users\David Work\Desktop\DreamerCollectiveprojects\DreamerEpicCycle\CMakeFiles\4450fd6e19bc21f9f0a85fb1a46dca42\colored_triangle_mesh.vert.spv.rule">
      <Filter>CMake Rules</Filter>
    </CustomBuild>
    <CustomBuild Include="C:\Users\David Work\Desktop\DreamerCollectiveprojects\DreamerEpicCycle\CMakeFiles\4450fd6e19bc21f9f0a85fb1a46dca42\default_lit.frag.spv.rule">
      <Filter>CMake Rules</Filter>
    </CustomBuild>
    <CustomBuild Include="C:\Users\David Work\Desktop\DreamerCollectiveprojects\DreamerEpicCycle\CMakeFiles\4450fd6e19bc21f9f0a85fb1a46dca42\funky_triangle.frag.spv.rule">
      <Filter>CMake Rules</Filter>
    </CustomBuild>
    <CustomBuild Include="C:\Users\David Work\Desktop\DreamerCollectiveprojects\DreamerEpicCycle\CMakeFiles\4450fd6e19bc21f9f0a85fb1a46dca42\gradient.comp.spv.rule">
      <Filter>CMake Rules</Filter>
    </CustomBuild>
    <CustomBuild Include="C:\Users\David Work\Desktop\DreamerCollectiveprojects\DreamerEpicCycle\CMakeFiles\4450fd6e19bc21f9f0a85fb1a46dca42\gradient_color.comp.spv.rule">
      <Filter>CMake Rules</Filter>
    </CustomBuild>
    <CustomBuild Include="C:\Users\David Work\Desktop\DreamerCollectiveprojects\DreamerEpicCycle\CMakeFiles\4450fd6e19bc21f9f0a85fb1a46dca42\mesh.frag.spv.rule">
      <Filter>CMake Rules</Filter>
    </CustomBuild>
    <CustomBuild Include="C:\Users\David Work\Desktop\DreamerCollectiveprojects\DreamerEpicCycle\CMakeFiles\4450fd6e19bc21f9f0a85fb1a46dca42\mesh.vert.spv.rule">
      <Filter>CMake Rules</Filter>
    </CustomBuild>
    <CustomBuild Include="C:\Users\David Work\Desktop\DreamerCollectiveprojects\DreamerEpicCycle\CMakeFiles\4450fd6e19bc21f9f0a85fb1a46dca42\mesh_pbr.frag.spv.rule">
      <Filter>CMake Rules</Filter>
    </CustomBuild>
    <CustomBuild Include="C:\Users\David Work\Desktop\DreamerCollectiveprojects\DreamerEpicCycle\CMakeFiles\4450fd6e19bc21f9f0a85fb1a46dca42\sky.comp.spv.rule">
      <Filter>CMake Rules</Filter>
    </CustomBuild>
    <CustomBuild Include="C:\Users\David Work\Desktop\DreamerCollectiveprojects\DreamerEpicCycle\CMakeFiles\4450fd6e19bc21f9f0a85fb1a46dca42\tex_image.frag.spv.rule">
      <Filter>CMake Rules</Filter>
    </CustomBuild>
    <CustomBuild Include="C:\Users\David Work\Desktop\DreamerCollectiveprojects\DreamerEpicCycle\CMakeFiles\4450fd6e19bc21f9f0a85fb1a46dca42\textured_lit.frag.spv.rule">
      <Filter>CMake Rules</Filter>
    </CustomBuild>
    <CustomBuild Include="C:\Users\David Work\Desktop\DreamerCollectiveprojects\DreamerEpicCycle\CMakeFiles\4450fd6e19bc21f9f0a85fb1a46dca42\tri_mesh.vert.spv.rule">
      <Filter>CMake Rules</Filter>
    </CustomBuild>
    <CustomBuild Include="C:\Users\David Work\Desktop\DreamerCollectiveprojects\DreamerEpicCycle\CMakeFiles\4450fd6e19bc21f9f0a85fb1a46dca42\tri_mesh_descriptors.vert.spv.rule">
      <Filter>CMake Rules</Filter>
    </CustomBuild>
    <CustomBuild Include="C:\Users\David Work\Desktop\DreamerCollectiveprojects\DreamerEpicCycle\CMakeFiles\4450fd6e19bc21f9f0a85fb1a46dca42\tri_mesh_pushconstants.vert.spv.rule">
      <Filter>CMake Rules</Filter>
    </CustomBuild>
    <CustomBuild Include="C:\Users\David Work\Desktop\DreamerCollectiveprojects\DreamerEpicCycle\CMakeFiles\4450fd6e19bc21f9f0a85fb1a46dca42\tri_mesh_ssbo.vert.spv.rule">
      <Filter>CMake Rules</Filter>
    </CustomBuild>
    <CustomBuild Include="C:\Users\David Work\Desktop\DreamerCollectiveprojects\DreamerEpicCycle\CMakeFiles\4450fd6e19bc21f9f0a85fb1a46dca42\triangle.frag.spv.rule">
      <Filter>CMake Rules</Filter>
    </CustomBuild>
    <CustomBuild Include="C:\Users\David Work\Desktop\DreamerCollectiveprojects\DreamerEpicCycle\CMakeFiles\4450fd6e19bc21f9f0a85fb1a46dca42\triangle.vert.spv.rule">
      <Filter>CMake Rules</Filter>
    </CustomBuild>
    <CustomBuild Include="C:\Users\David Work\Desktop\DreamerCollectiveprojects\DreamerEpicCycle\CMakeFiles\5244b71ced5ba91b712a17a5a2fb1380\Shaders.rule">
      <Filter>CMake Rules</Filter>
    </CustomBuild>
    <CustomBuild Include="C:\Users\David Work\Desktop\DreamerCollectiveprojects\DreamerEpicCycle\Graphics\CMakeLists.txt" />
  </ItemGroup>
  <ItemGroup>
    <None Include="C:\Users\David Work\Desktop\DreamerCollectiveprojects\DreamerEpicCycle\Graphics\CMakeFiles\Shaders" />
  </ItemGroup>
  <ItemGroup>
    <Filter Include="CMake Rules">
      <UniqueIdentifier>{EE220C20-B06E-321C-97D0-7885EF7D62E1}</UniqueIdentifier>
    </Filter>
  </ItemGroup>
</Project>
