<?xml version="1.0" encoding="utf-8"?>
<Project ToolsVersion="17.0" xmlns="http://schemas.microsoft.com/developer/msbuild/2003">
  <ItemGroup>
    <ClCompile Include="C:\DreamerCollectiveProjects\DreamerEpicCycle\src\Interaction\Helpers\MathHelpers.cpp">
      <Filter>Source Files</Filter>
    </ClCompile>
    <ClCompile Include="C:\DreamerCollectiveProjects\DreamerEpicCycle\src\Interaction\Character\Characters.cpp">
      <Filter>Source Files</Filter>
    </ClCompile>
    <ClCompile Include="C:\DreamerCollectiveProjects\DreamerEpicCycle\src\Interaction\Universe\Galaxy\GalaxySystems.cpp">
      <Filter>Source Files</Filter>
    </ClCompile>
    <ClCompile Include="C:\DreamerCollectiveProjects\DreamerEpicCycle\src\Interaction\Universe\World\BioneCreation.cpp">
      <Filter>Source Files</Filter>
    </ClCompile>
    <ClCompile Include="C:\DreamerCollectiveProjects\DreamerEpicCycle\src\Interaction\Universe\Area\ChunkCreation.cpp">
      <Filter>Source Files</Filter>
    </ClCompile>
    <ClCompile Include="C:\DreamerCollectiveProjects\DreamerEpicCycle\src\Interaction\Command\Unit.cpp">
      <Filter>Source Files</Filter>
    </ClCompile>
    <ClCompile Include="C:\DreamerCollectiveProjects\DreamerEpicCycle\src\Interaction\Items\ItemConfig\ItemConfig.cpp">
      <Filter>Source Files</Filter>
    </ClCompile>
    <ClCompile Include="C:\DreamerCollectiveProjects\DreamerEpicCycle\src\Interaction\Items\ItemGeneration\ItemGeneration.cpp">
      <Filter>Source Files</Filter>
    </ClCompile>
    <ClCompile Include="C:\DreamerCollectiveProjects\DreamerEpicCycle\src\Interaction\Items\ItemGeneration\ItemGenerationSeed.cpp">
      <Filter>Source Files</Filter>
    </ClCompile>
    <ClCompile Include="C:\DreamerCollectiveProjects\DreamerEpicCycle\src\Interaction\Items\ItemGeneration\ItemGenerationBase.cpp">
      <Filter>Source Files</Filter>
    </ClCompile>
    <ClCompile Include="C:\DreamerCollectiveProjects\DreamerEpicCycle\src\Interaction\Items\ItemGeneration\ItemGenerationRarity.cpp">
      <Filter>Source Files</Filter>
    </ClCompile>
    <ClCompile Include="C:\DreamerCollectiveProjects\DreamerEpicCycle\src\Interaction\Items\ItemGeneration\ItemGenerationQuality.cpp">
      <Filter>Source Files</Filter>
    </ClCompile>
    <ClCompile Include="C:\DreamerCollectiveProjects\DreamerEpicCycle\src\Interaction\Items\ItemGeneration\ItemGenerationMaterial.cpp">
      <Filter>Source Files</Filter>
    </ClCompile>
    <ClCompile Include="C:\DreamerCollectiveProjects\DreamerEpicCycle\src\Interaction\Items\ItemGeneration\ItemGenerationManufacturer.cpp">
      <Filter>Source Files</Filter>
    </ClCompile>
    <ClCompile Include="C:\DreamerCollectiveProjects\DreamerEpicCycle\src\Interaction\Items\ItemGeneration\ItemGenerationAffixes.cpp">
      <Filter>Source Files</Filter>
    </ClCompile>
    <ClCompile Include="C:\DreamerCollectiveProjects\DreamerEpicCycle\src\Interaction\Items\ItemGeneration\ItemGenerationParts.cpp">
      <Filter>Source Files</Filter>
    </ClCompile>
    <ClCompile Include="C:\DreamerCollectiveProjects\DreamerEpicCycle\src\Interaction\Items\ItemGeneration\ItemGenerationTags.cpp">
      <Filter>Source Files</Filter>
    </ClCompile>
    <ClCompile Include="C:\DreamerCollectiveProjects\DreamerEpicCycle\src\Interaction\Items\ItemGeneration\ItemGenerationStats.cpp">
      <Filter>Source Files</Filter>
    </ClCompile>
    <ClCompile Include="C:\DreamerCollectiveProjects\DreamerEpicCycle\src\Interaction\Items\ItemGeneration\ItemGenerationStatCompile.cpp">
      <Filter>Source Files</Filter>
    </ClCompile>
    <ClCompile Include="C:\DreamerCollectiveProjects\DreamerEpicCycle\src\Main\main.cpp">
      <Filter>Source Files</Filter>
    </ClCompile>
    <ClCompile Include="src\Graphics\raptor\application\game_application.cpp" />
    <ClCompile Include="src\Graphics\raptor\application\game_camera.cpp" />
    <ClCompile Include="src\Graphics\raptor\application\input.cpp" />
    <ClCompile Include="src\Graphics\raptor\application\keys.cpp" />
    <ClCompile Include="src\Graphics\raptor\application\window.cpp" />
    <ClCompile Include="src\Graphics\raptor\foundation\assert.cpp" />
    <ClCompile Include="src\Graphics\raptor\foundation\bit.cpp" />
    <ClCompile Include="src\Graphics\raptor\foundation\blob_serialization.cpp" />
    <ClCompile Include="src\Graphics\raptor\foundation\camera.cpp" />
    <ClCompile Include="src\Graphics\raptor\foundation\color.cpp" />
    <ClCompile Include="src\Graphics\raptor\foundation\data_structures.cpp" />
    <ClCompile Include="src\Graphics\raptor\foundation\file.cpp" />
    <ClCompile Include="src\Graphics\raptor\foundation\gltf.cpp" />
    <ClCompile Include="src\Graphics\raptor\foundation\log.cpp" />
    <ClCompile Include="src\Graphics\raptor\foundation\memory.cpp" />
    <ClCompile Include="src\Graphics\raptor\foundation\numerics.cpp" />
    <ClCompile Include="src\Graphics\raptor\foundation\process.cpp" />
    <ClCompile Include="src\Graphics\raptor\foundation\resource_manager.cpp" />
    <ClCompile Include="src\Graphics\raptor\foundation\serialization.cpp" />
    <ClCompile Include="src\Graphics\raptor\foundation\service.cpp" />
    <ClCompile Include="src\Graphics\raptor\foundation\service_manager.cpp" />
    <ClCompile Include="src\Graphics\raptor\foundation\string.cpp" />
    <ClCompile Include="src\Graphics\raptor\foundation\time.cpp" />
    <ClCompile Include="src\Graphics\graphics\asynchronous_loader.cpp" />
    <ClCompile Include="src\Graphics\graphics\command_buffer.cpp" />
    <ClCompile Include="src\Graphics\graphics\frame_graph.cpp" />
    <ClCompile Include="src\Graphics\graphics\gltf_scene.cpp" />
    <ClCompile Include="src\Graphics\graphics\gpu_device.cpp" />
    <ClCompile Include="src\Graphics\graphics\gpu_profiler.cpp" />
    <ClCompile Include="src\Graphics\graphics\gpu_resources.cpp" />
    <ClCompile Include="src\Graphics\graphics\obj_scene.cpp" />
    <ClCompile Include="src\Graphics\graphics\raptor_imgui.cpp" />
    <ClCompile Include="src\Graphics\graphics\render_resources_loader.cpp" />
    <ClCompile Include="src\Graphics\graphics\render_scene.cpp" />
    <ClCompile Include="src\Graphics\graphics\renderer.cpp" />
    <ClCompile Include="src\Graphics\graphics\scene_graph.cpp" />
    <ClCompile Include="src\Graphics\graphics\spirv_parser.cpp" />
    <ClCompile Include="src\Graphics\graphics_engine.cpp" />
    <ClCompile Include="src\Graphics\raptor\application\application.cpp">
      <Filter>Source Files</Filter>
    </ClCompile>
  </ItemGroup>
  <ItemGroup>
    <ClInclude Include="C:\DreamerCollectiveProjects\DreamerEpicCycle\src\Interaction\Helpers\MathHelpers.h">
      <Filter>Header Files</Filter>
    </ClInclude>
    <ClInclude Include="C:\DreamerCollectiveProjects\DreamerEpicCycle\src\Interaction\Character\Characters.h">
      <Filter>Header Files</Filter>
    </ClInclude>
    <ClInclude Include="C:\DreamerCollectiveProjects\DreamerEpicCycle\src\Interaction\Character\CharacterComponents.h">
      <Filter>Header Files</Filter>
    </ClInclude>
    <ClInclude Include="C:\DreamerCollectiveProjects\DreamerEpicCycle\src\Interaction\Universe\Galaxy\GalaxyComponents.h">
      <Filter>Header Files</Filter>
    </ClInclude>
    <ClInclude Include="C:\DreamerCollectiveProjects\DreamerEpicCycle\src\Interaction\Universe\Galaxy\GalaxyComponentConfig.h">
      <Filter>Header Files</Filter>
    </ClInclude>
    <ClInclude Include="C:\DreamerCollectiveProjects\DreamerEpicCycle\src\Interaction\Universe\Galaxy\GalaxySystems.h">
      <Filter>Header Files</Filter>
    </ClInclude>
    <ClInclude Include="C:\DreamerCollectiveProjects\DreamerEpicCycle\src\Interaction\Universe\Area\RegionComponents.h">
      <Filter>Header Files</Filter>
    </ClInclude>
    <ClInclude Include="C:\DreamerCollectiveProjects\DreamerEpicCycle\src\Interaction\Universe\Area\RegionCreation.h">
      <Filter>Header Files</Filter>
    </ClInclude>
    <ClInclude Include="C:\DreamerCollectiveProjects\DreamerEpicCycle\src\Interaction\Universe\Area\VoxelComponents.h">
      <Filter>Header Files</Filter>
    </ClInclude>
    <ClInclude Include="C:\DreamerCollectiveProjects\DreamerEpicCycle\src\Interaction\Universe\World\BioneComponents.h">
      <Filter>Header Files</Filter>
    </ClInclude>
    <ClInclude Include="C:\DreamerCollectiveProjects\DreamerEpicCycle\src\Interaction\Universe\World\BioneCreation.h">
      <Filter>Header Files</Filter>
    </ClInclude>
    <ClInclude Include="C:\DreamerCollectiveProjects\DreamerEpicCycle\src\Interaction\Universe\Area\ChunkComponents.h">
      <Filter>Header Files</Filter>
    </ClInclude>
    <ClInclude Include="C:\DreamerCollectiveProjects\DreamerEpicCycle\src\Interaction\Universe\Area\ChunkCreation.h">
      <Filter>Header Files</Filter>
    </ClInclude>
    <ClInclude Include="C:\DreamerCollectiveProjects\DreamerEpicCycle\src\Interaction\Civilisation\CivilisationModule.h">
      <Filter>Header Files</Filter>
    </ClInclude>
    <ClInclude Include="C:\DreamerCollectiveProjects\DreamerEpicCycle\src\Interaction\Civilisation\CivilisationComponents.h">
      <Filter>Header Files</Filter>
    </ClInclude>
    <ClInclude Include="C:\DreamerCollectiveProjects\DreamerEpicCycle\src\Interaction\Command\UnitComponents.h">
      <Filter>Header Files</Filter>
    </ClInclude>
    <ClInclude Include="C:\DreamerCollectiveProjects\DreamerEpicCycle\src\Interaction\Items\ItemComponents.h">
      <Filter>Header Files</Filter>
    </ClInclude>
    <ClInclude Include="C:\DreamerCollectiveProjects\DreamerEpicCycle\src\Interaction\Items\ItemModule.h">
      <Filter>Header Files</Filter>
    </ClInclude>
    <ClInclude Include="C:\DreamerCollectiveProjects\DreamerEpicCycle\src\Interaction\Items\ItemConfig\ItemConfig.h">
      <Filter>Header Files</Filter>
    </ClInclude>
    <ClInclude Include="C:\DreamerCollectiveProjects\DreamerEpicCycle\src\Interaction\Items\ItemConfig\ItemConfigComponents.h">
      <Filter>Header Files</Filter>
    </ClInclude>
    <ClInclude Include="C:\DreamerCollectiveProjects\DreamerEpicCycle\src\Interaction\Items\ItemConfig\ItemConfigModule.h">
      <Filter>Header Files</Filter>
    </ClInclude>
    <ClInclude Include="C:\DreamerCollectiveProjects\DreamerEpicCycle\src\Interaction\Items\ItemGeneration\ItemGeneration.h">
      <Filter>Header Files</Filter>
    </ClInclude>
    <ClInclude Include="C:\DreamerCollectiveProjects\DreamerEpicCycle\src\Interaction\Items\ItemGeneration\ItemGenerationSeed.h">
      <Filter>Header Files</Filter>
    </ClInclude>
    <ClInclude Include="C:\DreamerCollectiveProjects\DreamerEpicCycle\src\Interaction\Items\ItemGeneration\ItemGenerationBase.h">
      <Filter>Header Files</Filter>
    </ClInclude>
    <ClInclude Include="C:\DreamerCollectiveProjects\DreamerEpicCycle\src\Interaction\Items\ItemGeneration\ItemGenerationRarity.h">
      <Filter>Header Files</Filter>
    </ClInclude>
    <ClInclude Include="C:\DreamerCollectiveProjects\DreamerEpicCycle\src\Interaction\Items\ItemGeneration\ItemGenerationQuality.h">
      <Filter>Header Files</Filter>
    </ClInclude>
    <ClInclude Include="C:\DreamerCollectiveProjects\DreamerEpicCycle\src\Interaction\Items\ItemGeneration\ItemGenerationMaterial.h">
      <Filter>Header Files</Filter>
    </ClInclude>
    <ClInclude Include="C:\DreamerCollectiveProjects\DreamerEpicCycle\src\Interaction\Items\ItemGeneration\ItemGenerationManufacturer.h">
      <Filter>Header Files</Filter>
    </ClInclude>
    <ClInclude Include="C:\DreamerCollectiveProjects\DreamerEpicCycle\src\Interaction\Items\ItemGeneration\ItemGenerationAffixes.h">
      <Filter>Header Files</Filter>
    </ClInclude>
    <ClInclude Include="C:\DreamerCollectiveProjects\DreamerEpicCycle\src\Interaction\Items\ItemGeneration\ItemGenerationParts.h">
      <Filter>Header Files</Filter>
    </ClInclude>
    <ClInclude Include="C:\DreamerCollectiveProjects\DreamerEpicCycle\src\Interaction\Items\ItemGeneration\ItemGenerationTags.h">
      <Filter>Header Files</Filter>
    </ClInclude>
    <ClInclude Include="C:\DreamerCollectiveProjects\DreamerEpicCycle\src\Interaction\Items\ItemGeneration\ItemGenerationStats.h">
      <Filter>Header Files</Filter>
    </ClInclude>
    <ClInclude Include="C:\DreamerCollectiveProjects\DreamerEpicCycle\src\Interaction\Items\ItemGeneration\ItemGenerationStatCompile.h">
      <Filter>Header Files</Filter>
    </ClInclude>
    <ClInclude Include="C:\DreamerCollectiveProjects\DreamerEpicCycle\src\Interaction\Items\ItemGeneration\ItemGenerationModule.h">
      <Filter>Header Files</Filter>
    </ClInclude>
    <ClInclude Include="src\Graphics\raptor\application\application.hpp" />
    <ClInclude Include="src\Graphics\raptor\application\game_application.hpp" />
    <ClInclude Include="src\Graphics\raptor\application\game_camera.hpp" />
    <ClInclude Include="src\Graphics\raptor\application\input.hpp" />
    <ClInclude Include="src\Graphics\raptor\application\keys.hpp" />
    <ClInclude Include="src\Graphics\raptor\application\window.hpp" />
    <ClInclude Include="src\Graphics\raptor\foundation\array.hpp" />
    <ClInclude Include="src\Graphics\raptor\foundation\assert.hpp" />
    <ClInclude Include="src\Graphics\raptor\foundation\bit.hpp" />
    <ClInclude Include="src\Graphics\raptor\foundation\blob.hpp" />
    <ClInclude Include="src\Graphics\raptor\foundation\blob_serialization.hpp" />
    <ClInclude Include="src\Graphics\raptor\foundation\camera.hpp" />
    <ClInclude Include="src\Graphics\raptor\foundation\color.hpp" />
    <ClInclude Include="src\Graphics\raptor\foundation\data_structures.hpp" />
    <ClInclude Include="src\Graphics\raptor\foundation\file.hpp" />
    <ClInclude Include="src\Graphics\raptor\foundation\gltf.hpp" />
    <ClInclude Include="src\Graphics\raptor\foundation\hash_map.hpp" />
    <ClInclude Include="src\Graphics\raptor\foundation\log.hpp" />
    <ClInclude Include="src\Graphics\raptor\foundation\memory.hpp" />
    <ClInclude Include="src\Graphics\raptor\foundation\memory_utils.hpp" />
    <ClInclude Include="src\Graphics\raptor\foundation\numerics.hpp" />
    <ClInclude Include="src\Graphics\raptor\foundation\platform.hpp" />
    <ClInclude Include="src\Graphics\raptor\foundation\process.hpp" />
    <ClInclude Include="src\Graphics\raptor\foundation\relative_data_structures.hpp" />
    <ClInclude Include="src\Graphics\raptor\foundation\resource_manager.hpp" />
    <ClInclude Include="src\Graphics\raptor\foundation\serialization.hpp" />
    <ClInclude Include="src\Graphics\raptor\foundation\service.hpp" />
    <ClInclude Include="src\Graphics\raptor\foundation\service_manager.hpp" />
    <ClInclude Include="src\Graphics\raptor\foundation\string.hpp" />
    <ClInclude Include="src\Graphics\raptor\foundation\time.hpp" />
    <ClInclude Include="src\Graphics\raptor\foundation\windows_declarations.h" />
    <ClInclude Include="src\Graphics\graphics\asynchronous_loader.hpp" />
    <ClInclude Include="src\Graphics\graphics\command_buffer.hpp" />
    <ClInclude Include="src\Graphics\graphics\frame_graph.hpp" />
    <ClInclude Include="src\Graphics\graphics\gltf_scene.hpp" />
    <ClInclude Include="src\Graphics\graphics\gpu_device.hpp" />
    <ClInclude Include="src\Graphics\graphics\gpu_enum.hpp" />
    <ClInclude Include="src\Graphics\graphics\gpu_profiler.hpp" />
    <ClInclude Include="src\Graphics\graphics\gpu_resources.hpp" />
    <ClInclude Include="src\Graphics\graphics\obj_scene.hpp" />
    <ClInclude Include="src\Graphics\graphics\raptor_imgui.hpp" />
    <ClInclude Include="src\Graphics\graphics\render_resources_loader.hpp" />
    <ClInclude Include="src\Graphics\graphics\render_scene.hpp" />
    <ClInclude Include="src\Graphics\graphics\renderer.hpp" />
    <ClInclude Include="src\Graphics\graphics\scene_graph.hpp" />
    <ClInclude Include="src\Graphics\graphics\spirv_parser.hpp" />
  </ItemGroup>
  <ItemGroup>
    <CustomBuild Include="C:\DreamerCollectiveProjects\DreamerEpicCycle\CMakeLists.txt" />
  </ItemGroup>
  <ItemGroup>
    <Filter Include="Header Files">
      <UniqueIdentifier>{1B38F812-1354-35B4-979D-7054880B35A2}</UniqueIdentifier>
    </Filter>
    <Filter Include="Source Files">
      <UniqueIdentifier>{FAA0B206-2381-3845-AEF6-C3B785F4994F}</UniqueIdentifier>
    </Filter>
  </ItemGroup>
</Project>