
Microsoft Visual Studio Solution File, Format Version 12.00
# Visual Studio Version 17
VisualStudioVersion = 17.7.34221.43
MinimumVisualStudioVersion = 10.0.40219.1
Project("{8BC9CEB8-8B4A-11D0-8D11-00A0C91BC942}") = "ALL_BUILD", "ALL_BUILD.vcxproj", "{392471E8-D412-3767-8AE9-AB0121681472}"
	ProjectSection(ProjectDependencies) = postProject
		{FC3C16FC-B5A8-361D-A60F-6454F3854FB5} = {FC3C16FC-B5A8-361D-A60F-6454F3854FB5}
		{864BA006-E51D-3333-9250-40B75A7873DA} = {864BA006-E51D-3333-9250-40B75A7873DA}
		{88E4F231-B159-3458-BCCD-0C927E659F8A} = {88E4F231-B159-3458-BCCD-0C927E659F8A}
		{A616E09F-8C43-369C-8DBD-BADE642EB487} = {A616E09F-8C43-369C-8DBD-BADE642EB487}
		{60FF7537-5DC6-3531-808C-8FE562563A67} = {60FF7537-5DC6-3531-808C-8FE562563A67}
		{3959F046-8E63-3633-889D-206F8213511F} = {3959F046-8E63-3633-889D-206F8213511F}
		{D32E49FA-E183-3C0A-86BC-246665FB1BCD} = {D32E49FA-E183-3C0A-86BC-246665FB1BCD}
		{A0DEB4AB-2A18-3310-A33D-A7A86A187290} = {A0DEB4AB-2A18-3310-A33D-A7A86A187290}
		{BAB5DF94-447F-3944-9602-E7DA10B69F89} = {BAB5DF94-447F-3944-9602-E7DA10B69F89}
		{57845834-4330-303E-B139-47435FA8E061} = {57845834-4330-303E-B139-47435FA8E061}
		{00137C04-B687-337A-BB00-D5C55D857917} = {00137C04-B687-337A-BB00-D5C55D857917}
		{8630DB71-EC2F-39C2-A7E5-497FBD65E1E0} = {8630DB71-EC2F-39C2-A7E5-497FBD65E1E0}
		{CBB1B816-04B9-3965-8A43-834E6C4C769D} = {CBB1B816-04B9-3965-8A43-834E6C4C769D}
		{BF22E61C-8900-32B3-A3DE-572B560C88DC} = {BF22E61C-8900-32B3-A3DE-572B560C88DC}
		{3C30C25C-BAD7-3F3E-B592-264DCB2E5EBA} = {3C30C25C-BAD7-3F3E-B592-264DCB2E5EBA}
		{D3775BE7-9A86-3668-A21C-D84EDE5CAD59} = {D3775BE7-9A86-3668-A21C-D84EDE5CAD59}
		{91F69437-D502-3A48-BAA1-95143E6158B5} = {91F69437-D502-3A48-BAA1-95143E6158B5}
		{B419EF36-0754-3647-80CF-8FA2954B991D} = {B419EF36-0754-3647-80CF-8FA2954B991D}
		{6B110232-744E-37F6-A30D-F7D587B6FD3D} = {6B110232-744E-37F6-A30D-F7D587B6FD3D}
		{EB53D233-6689-3E90-9726-6FCEB99DF231} = {EB53D233-6689-3E90-9726-6FCEB99DF231}
		{A5D90FD7-49F1-3058-9235-F44380617BE3} = {A5D90FD7-49F1-3058-9235-F44380617BE3}
		{95266C54-8FCF-3D04-BE96-7BF2E18EBADF} = {95266C54-8FCF-3D04-BE96-7BF2E18EBADF}
	EndProjectSection
EndProject
Project("{8BC9CEB8-8B4A-11D0-8D11-00A0C91BC942}") = "Chapter1", "Mastering-Graphics-Programming-with-Vulkan\source\chapter1\Chapter1.vcxproj", "{FC3C16FC-B5A8-361D-A60F-6454F3854FB5}"
	ProjectSection(ProjectDependencies) = postProject
		{91F69437-D502-3A48-BAA1-95143E6158B5} = {91F69437-D502-3A48-BAA1-95143E6158B5}
		{B419EF36-0754-3647-80CF-8FA2954B991D} = {B419EF36-0754-3647-80CF-8FA2954B991D}
		{6B110232-744E-37F6-A30D-F7D587B6FD3D} = {6B110232-744E-37F6-A30D-F7D587B6FD3D}
		{EB53D233-6689-3E90-9726-6FCEB99DF231} = {EB53D233-6689-3E90-9726-6FCEB99DF231}
	EndProjectSection
EndProject
Project("{8BC9CEB8-8B4A-11D0-8D11-00A0C91BC942}") = "Chapter10", "Mastering-Graphics-Programming-with-Vulkan\source\chapter10\Chapter10.vcxproj", "{864BA006-E51D-3333-9250-40B75A7873DA}"
	ProjectSection(ProjectDependencies) = postProject
		{91F69437-D502-3A48-BAA1-95143E6158B5} = {91F69437-D502-3A48-BAA1-95143E6158B5}
		{B419EF36-0754-3647-80CF-8FA2954B991D} = {B419EF36-0754-3647-80CF-8FA2954B991D}
		{6B110232-744E-37F6-A30D-F7D587B6FD3D} = {6B110232-744E-37F6-A30D-F7D587B6FD3D}
		{EB53D233-6689-3E90-9726-6FCEB99DF231} = {EB53D233-6689-3E90-9726-6FCEB99DF231}
	EndProjectSection
EndProject
Project("{8BC9CEB8-8B4A-11D0-8D11-00A0C91BC942}") = "Chapter11", "Mastering-Graphics-Programming-with-Vulkan\source\chapter11\Chapter11.vcxproj", "{88E4F231-B159-3458-BCCD-0C927E659F8A}"
	ProjectSection(ProjectDependencies) = postProject
		{91F69437-D502-3A48-BAA1-95143E6158B5} = {91F69437-D502-3A48-BAA1-95143E6158B5}
		{B419EF36-0754-3647-80CF-8FA2954B991D} = {B419EF36-0754-3647-80CF-8FA2954B991D}
		{6B110232-744E-37F6-A30D-F7D587B6FD3D} = {6B110232-744E-37F6-A30D-F7D587B6FD3D}
		{EB53D233-6689-3E90-9726-6FCEB99DF231} = {EB53D233-6689-3E90-9726-6FCEB99DF231}
	EndProjectSection
EndProject
Project("{8BC9CEB8-8B4A-11D0-8D11-00A0C91BC942}") = "Chapter12", "Mastering-Graphics-Programming-with-Vulkan\source\chapter12\Chapter12.vcxproj", "{A616E09F-8C43-369C-8DBD-BADE642EB487}"
	ProjectSection(ProjectDependencies) = postProject
		{91F69437-D502-3A48-BAA1-95143E6158B5} = {91F69437-D502-3A48-BAA1-95143E6158B5}
		{B419EF36-0754-3647-80CF-8FA2954B991D} = {B419EF36-0754-3647-80CF-8FA2954B991D}
		{6B110232-744E-37F6-A30D-F7D587B6FD3D} = {6B110232-744E-37F6-A30D-F7D587B6FD3D}
		{EB53D233-6689-3E90-9726-6FCEB99DF231} = {EB53D233-6689-3E90-9726-6FCEB99DF231}
	EndProjectSection
EndProject
Project("{8BC9CEB8-8B4A-11D0-8D11-00A0C91BC942}") = "Chapter13", "Mastering-Graphics-Programming-with-Vulkan\source\chapter13\Chapter13.vcxproj", "{60FF7537-5DC6-3531-808C-8FE562563A67}"
	ProjectSection(ProjectDependencies) = postProject
		{91F69437-D502-3A48-BAA1-95143E6158B5} = {91F69437-D502-3A48-BAA1-95143E6158B5}
		{B419EF36-0754-3647-80CF-8FA2954B991D} = {B419EF36-0754-3647-80CF-8FA2954B991D}
		{6B110232-744E-37F6-A30D-F7D587B6FD3D} = {6B110232-744E-37F6-A30D-F7D587B6FD3D}
		{EB53D233-6689-3E90-9726-6FCEB99DF231} = {EB53D233-6689-3E90-9726-6FCEB99DF231}
	EndProjectSection
EndProject
Project("{8BC9CEB8-8B4A-11D0-8D11-00A0C91BC942}") = "Chapter14", "Mastering-Graphics-Programming-with-Vulkan\source\chapter14\Chapter14.vcxproj", "{3959F046-8E63-3633-889D-206F8213511F}"
	ProjectSection(ProjectDependencies) = postProject
		{91F69437-D502-3A48-BAA1-95143E6158B5} = {91F69437-D502-3A48-BAA1-95143E6158B5}
		{B419EF36-0754-3647-80CF-8FA2954B991D} = {B419EF36-0754-3647-80CF-8FA2954B991D}
		{6B110232-744E-37F6-A30D-F7D587B6FD3D} = {6B110232-744E-37F6-A30D-F7D587B6FD3D}
		{EB53D233-6689-3E90-9726-6FCEB99DF231} = {EB53D233-6689-3E90-9726-6FCEB99DF231}
	EndProjectSection
EndProject
Project("{8BC9CEB8-8B4A-11D0-8D11-00A0C91BC942}") = "Chapter15", "Mastering-Graphics-Programming-with-Vulkan\source\chapter15\Chapter15.vcxproj", "{D32E49FA-E183-3C0A-86BC-246665FB1BCD}"
	ProjectSection(ProjectDependencies) = postProject
		{91F69437-D502-3A48-BAA1-95143E6158B5} = {91F69437-D502-3A48-BAA1-95143E6158B5}
		{B419EF36-0754-3647-80CF-8FA2954B991D} = {B419EF36-0754-3647-80CF-8FA2954B991D}
		{6B110232-744E-37F6-A30D-F7D587B6FD3D} = {6B110232-744E-37F6-A30D-F7D587B6FD3D}
		{EB53D233-6689-3E90-9726-6FCEB99DF231} = {EB53D233-6689-3E90-9726-6FCEB99DF231}
	EndProjectSection
EndProject
Project("{8BC9CEB8-8B4A-11D0-8D11-00A0C91BC942}") = "Chapter2", "Mastering-Graphics-Programming-with-Vulkan\source\chapter2\Chapter2.vcxproj", "{A0DEB4AB-2A18-3310-A33D-A7A86A187290}"
	ProjectSection(ProjectDependencies) = postProject
		{F7904B5E-BB03-30B2-BBEA-7DEC96EC871B} = {F7904B5E-BB03-30B2-BBEA-7DEC96EC871B}
		{91F69437-D502-3A48-BAA1-95143E6158B5} = {91F69437-D502-3A48-BAA1-95143E6158B5}
		{B419EF36-0754-3647-80CF-8FA2954B991D} = {B419EF36-0754-3647-80CF-8FA2954B991D}
		{6B110232-744E-37F6-A30D-F7D587B6FD3D} = {6B110232-744E-37F6-A30D-F7D587B6FD3D}
		{EB53D233-6689-3E90-9726-6FCEB99DF231} = {EB53D233-6689-3E90-9726-6FCEB99DF231}
	EndProjectSection
EndProject
Project("{8BC9CEB8-8B4A-11D0-8D11-00A0C91BC942}") = "Chapter2SpvShaders", "Mastering-Graphics-Programming-with-Vulkan\source\chapter2\Chapter2SpvShaders.vcxproj", "{F7904B5E-BB03-30B2-BBEA-7DEC96EC871B}"
	ProjectSection(ProjectDependencies) = postProject
		{EB53D233-6689-3E90-9726-6FCEB99DF231} = {EB53D233-6689-3E90-9726-6FCEB99DF231}
	EndProjectSection
EndProject
Project("{8BC9CEB8-8B4A-11D0-8D11-00A0C91BC942}") = "Chapter3", "Mastering-Graphics-Programming-with-Vulkan\source\chapter3\Chapter3.vcxproj", "{BAB5DF94-447F-3944-9602-E7DA10B69F89}"
	ProjectSection(ProjectDependencies) = postProject
		{22616572-921D-3966-9CB2-5761BFC0F1D1} = {22616572-921D-3966-9CB2-5761BFC0F1D1}
		{91F69437-D502-3A48-BAA1-95143E6158B5} = {91F69437-D502-3A48-BAA1-95143E6158B5}
		{B419EF36-0754-3647-80CF-8FA2954B991D} = {B419EF36-0754-3647-80CF-8FA2954B991D}
		{6B110232-744E-37F6-A30D-F7D587B6FD3D} = {6B110232-744E-37F6-A30D-F7D587B6FD3D}
		{EB53D233-6689-3E90-9726-6FCEB99DF231} = {EB53D233-6689-3E90-9726-6FCEB99DF231}
	EndProjectSection
EndProject
Project("{8BC9CEB8-8B4A-11D0-8D11-00A0C91BC942}") = "Chapter3SpvShaders", "Mastering-Graphics-Programming-with-Vulkan\source\chapter3\Chapter3SpvShaders.vcxproj", "{22616572-921D-3966-9CB2-5761BFC0F1D1}"
	ProjectSection(ProjectDependencies) = postProject
		{EB53D233-6689-3E90-9726-6FCEB99DF231} = {EB53D233-6689-3E90-9726-6FCEB99DF231}
	EndProjectSection
EndProject
Project("{8BC9CEB8-8B4A-11D0-8D11-00A0C91BC942}") = "Chapter4", "Mastering-Graphics-Programming-with-Vulkan\source\chapter4\Chapter4.vcxproj", "{57845834-4330-303E-B139-47435FA8E061}"
	ProjectSection(ProjectDependencies) = postProject
		{91F69437-D502-3A48-BAA1-95143E6158B5} = {91F69437-D502-3A48-BAA1-95143E6158B5}
		{B419EF36-0754-3647-80CF-8FA2954B991D} = {B419EF36-0754-3647-80CF-8FA2954B991D}
		{6B110232-744E-37F6-A30D-F7D587B6FD3D} = {6B110232-744E-37F6-A30D-F7D587B6FD3D}
		{EB53D233-6689-3E90-9726-6FCEB99DF231} = {EB53D233-6689-3E90-9726-6FCEB99DF231}
	EndProjectSection
EndProject
Project("{8BC9CEB8-8B4A-11D0-8D11-00A0C91BC942}") = "Chapter5", "Mastering-Graphics-Programming-with-Vulkan\source\chapter5\Chapter5.vcxproj", "{00137C04-B687-337A-BB00-D5C55D857917}"
	ProjectSection(ProjectDependencies) = postProject
		{91F69437-D502-3A48-BAA1-95143E6158B5} = {91F69437-D502-3A48-BAA1-95143E6158B5}
		{B419EF36-0754-3647-80CF-8FA2954B991D} = {B419EF36-0754-3647-80CF-8FA2954B991D}
		{6B110232-744E-37F6-A30D-F7D587B6FD3D} = {6B110232-744E-37F6-A30D-F7D587B6FD3D}
		{EB53D233-6689-3E90-9726-6FCEB99DF231} = {EB53D233-6689-3E90-9726-6FCEB99DF231}
	EndProjectSection
EndProject
Project("{8BC9CEB8-8B4A-11D0-8D11-00A0C91BC942}") = "Chapter6", "Mastering-Graphics-Programming-with-Vulkan\source\chapter6\Chapter6.vcxproj", "{8630DB71-EC2F-39C2-A7E5-497FBD65E1E0}"
	ProjectSection(ProjectDependencies) = postProject
		{91F69437-D502-3A48-BAA1-95143E6158B5} = {91F69437-D502-3A48-BAA1-95143E6158B5}
		{B419EF36-0754-3647-80CF-8FA2954B991D} = {B419EF36-0754-3647-80CF-8FA2954B991D}
		{6B110232-744E-37F6-A30D-F7D587B6FD3D} = {6B110232-744E-37F6-A30D-F7D587B6FD3D}
		{EB53D233-6689-3E90-9726-6FCEB99DF231} = {EB53D233-6689-3E90-9726-6FCEB99DF231}
	EndProjectSection
EndProject
Project("{8BC9CEB8-8B4A-11D0-8D11-00A0C91BC942}") = "Chapter7", "Mastering-Graphics-Programming-with-Vulkan\source\chapter7\Chapter7.vcxproj", "{CBB1B816-04B9-3965-8A43-834E6C4C769D}"
	ProjectSection(ProjectDependencies) = postProject
		{91F69437-D502-3A48-BAA1-95143E6158B5} = {91F69437-D502-3A48-BAA1-95143E6158B5}
		{B419EF36-0754-3647-80CF-8FA2954B991D} = {B419EF36-0754-3647-80CF-8FA2954B991D}
		{6B110232-744E-37F6-A30D-F7D587B6FD3D} = {6B110232-744E-37F6-A30D-F7D587B6FD3D}
		{EB53D233-6689-3E90-9726-6FCEB99DF231} = {EB53D233-6689-3E90-9726-6FCEB99DF231}
	EndProjectSection
EndProject
Project("{8BC9CEB8-8B4A-11D0-8D11-00A0C91BC942}") = "Chapter8", "Mastering-Graphics-Programming-with-Vulkan\source\chapter8\Chapter8.vcxproj", "{BF22E61C-8900-32B3-A3DE-572B560C88DC}"
	ProjectSection(ProjectDependencies) = postProject
		{91F69437-D502-3A48-BAA1-95143E6158B5} = {91F69437-D502-3A48-BAA1-95143E6158B5}
		{B419EF36-0754-3647-80CF-8FA2954B991D} = {B419EF36-0754-3647-80CF-8FA2954B991D}
		{6B110232-744E-37F6-A30D-F7D587B6FD3D} = {6B110232-744E-37F6-A30D-F7D587B6FD3D}
		{EB53D233-6689-3E90-9726-6FCEB99DF231} = {EB53D233-6689-3E90-9726-6FCEB99DF231}
	EndProjectSection
EndProject
Project("{8BC9CEB8-8B4A-11D0-8D11-00A0C91BC942}") = "Chapter9", "Mastering-Graphics-Programming-with-Vulkan\source\chapter9\Chapter9.vcxproj", "{3C30C25C-BAD7-3F3E-B592-264DCB2E5EBA}"
	ProjectSection(ProjectDependencies) = postProject
		{91F69437-D502-3A48-BAA1-95143E6158B5} = {91F69437-D502-3A48-BAA1-95143E6158B5}
		{B419EF36-0754-3647-80CF-8FA2954B991D} = {B419EF36-0754-3647-80CF-8FA2954B991D}
		{6B110232-744E-37F6-A30D-F7D587B6FD3D} = {6B110232-744E-37F6-A30D-F7D587B6FD3D}
		{EB53D233-6689-3E90-9726-6FCEB99DF231} = {EB53D233-6689-3E90-9726-6FCEB99DF231}
	EndProjectSection
EndProject
Project("{8BC9CEB8-8B4A-11D0-8D11-00A0C91BC942}") = "DreamerEpicCycle", "DreamerEpicCycle.vcxproj", "{D3775BE7-9A86-3668-A21C-D84EDE5CAD59}"
	ProjectSection(ProjectDependencies) = postProject
		{EB53D233-6689-3E90-9726-6FCEB99DF231} = {EB53D233-6689-3E90-9726-6FCEB99DF231}
	EndProjectSection
EndProject
Project("{8BC9CEB8-8B4A-11D0-8D11-00A0C91BC942}") = "INSTALL", "INSTALL.vcxproj", "{845AAC55-B674-3257-9866-A6FA6BB14A71}"
	ProjectSection(ProjectDependencies) = postProject
		{392471E8-D412-3767-8AE9-AB0121681472} = {392471E8-D412-3767-8AE9-AB0121681472}
		{EB53D233-6689-3E90-9726-6FCEB99DF231} = {EB53D233-6689-3E90-9726-6FCEB99DF231}
	EndProjectSection
EndProject
Project("{8BC9CEB8-8B4A-11D0-8D11-00A0C91BC942}") = "RaptorApp", "Mastering-Graphics-Programming-with-Vulkan\RaptorApp.vcxproj", "{91F69437-D502-3A48-BAA1-95143E6158B5}"
	ProjectSection(ProjectDependencies) = postProject
		{EB53D233-6689-3E90-9726-6FCEB99DF231} = {EB53D233-6689-3E90-9726-6FCEB99DF231}
	EndProjectSection
EndProject
Project("{8BC9CEB8-8B4A-11D0-8D11-00A0C91BC942}") = "RaptorExternal", "Mastering-Graphics-Programming-with-Vulkan\RaptorExternal.vcxproj", "{B419EF36-0754-3647-80CF-8FA2954B991D}"
	ProjectSection(ProjectDependencies) = postProject
		{EB53D233-6689-3E90-9726-6FCEB99DF231} = {EB53D233-6689-3E90-9726-6FCEB99DF231}
	EndProjectSection
EndProject
Project("{8BC9CEB8-8B4A-11D0-8D11-00A0C91BC942}") = "RaptorFoundation", "Mastering-Graphics-Programming-with-Vulkan\RaptorFoundation.vcxproj", "{6B110232-744E-37F6-A30D-F7D587B6FD3D}"
	ProjectSection(ProjectDependencies) = postProject
		{EB53D233-6689-3E90-9726-6FCEB99DF231} = {EB53D233-6689-3E90-9726-6FCEB99DF231}
	EndProjectSection
EndProject
Project("{8BC9CEB8-8B4A-11D0-8D11-00A0C91BC942}") = "ZERO_CHECK", "ZERO_CHECK.vcxproj", "{EB53D233-6689-3E90-9726-6FCEB99DF231}"
EndProject
Project("{8BC9CEB8-8B4A-11D0-8D11-00A0C91BC942}") = "flecs", "third_party\flecs\flecs\flecs.vcxproj", "{A5D90FD7-49F1-3058-9235-F44380617BE3}"
	ProjectSection(ProjectDependencies) = postProject
		{EB53D233-6689-3E90-9726-6FCEB99DF231} = {EB53D233-6689-3E90-9726-6FCEB99DF231}
	EndProjectSection
EndProject
Project("{8BC9CEB8-8B4A-11D0-8D11-00A0C91BC942}") = "flecs_static", "third_party\flecs\flecs\flecs_static.vcxproj", "{95266C54-8FCF-3D04-BE96-7BF2E18EBADF}"
	ProjectSection(ProjectDependencies) = postProject
		{EB53D233-6689-3E90-9726-6FCEB99DF231} = {EB53D233-6689-3E90-9726-6FCEB99DF231}
	EndProjectSection
EndProject
Global
	GlobalSection(SolutionConfigurationPlatforms) = preSolution
		Debug|x64 = Debug|x64
		MinSizeRel|x64 = MinSizeRel|x64
		Release|x64 = Release|x64
		RelWithDebInfo|x64 = RelWithDebInfo|x64
	EndGlobalSection
	GlobalSection(ProjectConfigurationPlatforms) = postSolution
		{392471E8-D412-3767-8AE9-AB0121681472}.Debug|x64.ActiveCfg = Debug|x64
		{392471E8-D412-3767-8AE9-AB0121681472}.Debug|x64.Build.0 = Debug|x64
		{392471E8-D412-3767-8AE9-AB0121681472}.MinSizeRel|x64.ActiveCfg = MinSizeRel|x64
		{392471E8-D412-3767-8AE9-AB0121681472}.MinSizeRel|x64.Build.0 = MinSizeRel|x64
		{392471E8-D412-3767-8AE9-AB0121681472}.Release|x64.ActiveCfg = Release|x64
		{392471E8-D412-3767-8AE9-AB0121681472}.Release|x64.Build.0 = Release|x64
		{392471E8-D412-3767-8AE9-AB0121681472}.RelWithDebInfo|x64.ActiveCfg = RelWithDebInfo|x64
		{392471E8-D412-3767-8AE9-AB0121681472}.RelWithDebInfo|x64.Build.0 = RelWithDebInfo|x64
		{FC3C16FC-B5A8-361D-A60F-6454F3854FB5}.Debug|x64.ActiveCfg = Debug|x64
		{FC3C16FC-B5A8-361D-A60F-6454F3854FB5}.Debug|x64.Build.0 = Debug|x64
		{FC3C16FC-B5A8-361D-A60F-6454F3854FB5}.MinSizeRel|x64.ActiveCfg = MinSizeRel|x64
		{FC3C16FC-B5A8-361D-A60F-6454F3854FB5}.MinSizeRel|x64.Build.0 = MinSizeRel|x64
		{FC3C16FC-B5A8-361D-A60F-6454F3854FB5}.Release|x64.ActiveCfg = Release|x64
		{FC3C16FC-B5A8-361D-A60F-6454F3854FB5}.Release|x64.Build.0 = Release|x64
		{FC3C16FC-B5A8-361D-A60F-6454F3854FB5}.RelWithDebInfo|x64.ActiveCfg = RelWithDebInfo|x64
		{FC3C16FC-B5A8-361D-A60F-6454F3854FB5}.RelWithDebInfo|x64.Build.0 = RelWithDebInfo|x64
		{864BA006-E51D-3333-9250-40B75A7873DA}.Debug|x64.ActiveCfg = Debug|x64
		{864BA006-E51D-3333-9250-40B75A7873DA}.Debug|x64.Build.0 = Debug|x64
		{864BA006-E51D-3333-9250-40B75A7873DA}.MinSizeRel|x64.ActiveCfg = MinSizeRel|x64
		{864BA006-E51D-3333-9250-40B75A7873DA}.MinSizeRel|x64.Build.0 = MinSizeRel|x64
		{864BA006-E51D-3333-9250-40B75A7873DA}.Release|x64.ActiveCfg = Release|x64
		{864BA006-E51D-3333-9250-40B75A7873DA}.Release|x64.Build.0 = Release|x64
		{864BA006-E51D-3333-9250-40B75A7873DA}.RelWithDebInfo|x64.ActiveCfg = RelWithDebInfo|x64
		{864BA006-E51D-3333-9250-40B75A7873DA}.RelWithDebInfo|x64.Build.0 = RelWithDebInfo|x64
		{88E4F231-B159-3458-BCCD-0C927E659F8A}.Debug|x64.ActiveCfg = Debug|x64
		{88E4F231-B159-3458-BCCD-0C927E659F8A}.Debug|x64.Build.0 = Debug|x64
		{88E4F231-B159-3458-BCCD-0C927E659F8A}.MinSizeRel|x64.ActiveCfg = MinSizeRel|x64
		{88E4F231-B159-3458-BCCD-0C927E659F8A}.MinSizeRel|x64.Build.0 = MinSizeRel|x64
		{88E4F231-B159-3458-BCCD-0C927E659F8A}.Release|x64.ActiveCfg = Release|x64
		{88E4F231-B159-3458-BCCD-0C927E659F8A}.Release|x64.Build.0 = Release|x64
		{88E4F231-B159-3458-BCCD-0C927E659F8A}.RelWithDebInfo|x64.ActiveCfg = RelWithDebInfo|x64
		{88E4F231-B159-3458-BCCD-0C927E659F8A}.RelWithDebInfo|x64.Build.0 = RelWithDebInfo|x64
		{A616E09F-8C43-369C-8DBD-BADE642EB487}.Debug|x64.ActiveCfg = Debug|x64
		{A616E09F-8C43-369C-8DBD-BADE642EB487}.Debug|x64.Build.0 = Debug|x64
		{A616E09F-8C43-369C-8DBD-BADE642EB487}.MinSizeRel|x64.ActiveCfg = MinSizeRel|x64
		{A616E09F-8C43-369C-8DBD-BADE642EB487}.MinSizeRel|x64.Build.0 = MinSizeRel|x64
		{A616E09F-8C43-369C-8DBD-BADE642EB487}.Release|x64.ActiveCfg = Release|x64
		{A616E09F-8C43-369C-8DBD-BADE642EB487}.Release|x64.Build.0 = Release|x64
		{A616E09F-8C43-369C-8DBD-BADE642EB487}.RelWithDebInfo|x64.ActiveCfg = RelWithDebInfo|x64
		{A616E09F-8C43-369C-8DBD-BADE642EB487}.RelWithDebInfo|x64.Build.0 = RelWithDebInfo|x64
		{60FF7537-5DC6-3531-808C-8FE562563A67}.Debug|x64.ActiveCfg = Debug|x64
		{60FF7537-5DC6-3531-808C-8FE562563A67}.Debug|x64.Build.0 = Debug|x64
		{60FF7537-5DC6-3531-808C-8FE562563A67}.MinSizeRel|x64.ActiveCfg = MinSizeRel|x64
		{60FF7537-5DC6-3531-808C-8FE562563A67}.MinSizeRel|x64.Build.0 = MinSizeRel|x64
		{60FF7537-5DC6-3531-808C-8FE562563A67}.Release|x64.ActiveCfg = Release|x64
		{60FF7537-5DC6-3531-808C-8FE562563A67}.Release|x64.Build.0 = Release|x64
		{60FF7537-5DC6-3531-808C-8FE562563A67}.RelWithDebInfo|x64.ActiveCfg = RelWithDebInfo|x64
		{60FF7537-5DC6-3531-808C-8FE562563A67}.RelWithDebInfo|x64.Build.0 = RelWithDebInfo|x64
		{3959F046-8E63-3633-889D-206F8213511F}.Debug|x64.ActiveCfg = Debug|x64
		{3959F046-8E63-3633-889D-206F8213511F}.Debug|x64.Build.0 = Debug|x64
		{3959F046-8E63-3633-889D-206F8213511F}.MinSizeRel|x64.ActiveCfg = MinSizeRel|x64
		{3959F046-8E63-3633-889D-206F8213511F}.MinSizeRel|x64.Build.0 = MinSizeRel|x64
		{3959F046-8E63-3633-889D-206F8213511F}.Release|x64.ActiveCfg = Release|x64
		{3959F046-8E63-3633-889D-206F8213511F}.Release|x64.Build.0 = Release|x64
		{3959F046-8E63-3633-889D-206F8213511F}.RelWithDebInfo|x64.ActiveCfg = RelWithDebInfo|x64
		{3959F046-8E63-3633-889D-206F8213511F}.RelWithDebInfo|x64.Build.0 = RelWithDebInfo|x64
		{D32E49FA-E183-3C0A-86BC-246665FB1BCD}.Debug|x64.ActiveCfg = Debug|x64
		{D32E49FA-E183-3C0A-86BC-246665FB1BCD}.Debug|x64.Build.0 = Debug|x64
		{D32E49FA-E183-3C0A-86BC-246665FB1BCD}.MinSizeRel|x64.ActiveCfg = MinSizeRel|x64
		{D32E49FA-E183-3C0A-86BC-246665FB1BCD}.MinSizeRel|x64.Build.0 = MinSizeRel|x64
		{D32E49FA-E183-3C0A-86BC-246665FB1BCD}.Release|x64.ActiveCfg = Release|x64
		{D32E49FA-E183-3C0A-86BC-246665FB1BCD}.Release|x64.Build.0 = Release|x64
		{D32E49FA-E183-3C0A-86BC-246665FB1BCD}.RelWithDebInfo|x64.ActiveCfg = RelWithDebInfo|x64
		{D32E49FA-E183-3C0A-86BC-246665FB1BCD}.RelWithDebInfo|x64.Build.0 = RelWithDebInfo|x64
		{A0DEB4AB-2A18-3310-A33D-A7A86A187290}.Debug|x64.ActiveCfg = Debug|x64
		{A0DEB4AB-2A18-3310-A33D-A7A86A187290}.Debug|x64.Build.0 = Debug|x64
		{A0DEB4AB-2A18-3310-A33D-A7A86A187290}.MinSizeRel|x64.ActiveCfg = MinSizeRel|x64
		{A0DEB4AB-2A18-3310-A33D-A7A86A187290}.MinSizeRel|x64.Build.0 = MinSizeRel|x64
		{A0DEB4AB-2A18-3310-A33D-A7A86A187290}.Release|x64.ActiveCfg = Release|x64
		{A0DEB4AB-2A18-3310-A33D-A7A86A187290}.Release|x64.Build.0 = Release|x64
		{A0DEB4AB-2A18-3310-A33D-A7A86A187290}.RelWithDebInfo|x64.ActiveCfg = RelWithDebInfo|x64
		{A0DEB4AB-2A18-3310-A33D-A7A86A187290}.RelWithDebInfo|x64.Build.0 = RelWithDebInfo|x64
		{F7904B5E-BB03-30B2-BBEA-7DEC96EC871B}.Debug|x64.ActiveCfg = Debug|x64
		{F7904B5E-BB03-30B2-BBEA-7DEC96EC871B}.Debug|x64.Build.0 = Debug|x64
		{F7904B5E-BB03-30B2-BBEA-7DEC96EC871B}.MinSizeRel|x64.ActiveCfg = MinSizeRel|x64
		{F7904B5E-BB03-30B2-BBEA-7DEC96EC871B}.MinSizeRel|x64.Build.0 = MinSizeRel|x64
		{F7904B5E-BB03-30B2-BBEA-7DEC96EC871B}.Release|x64.ActiveCfg = Release|x64
		{F7904B5E-BB03-30B2-BBEA-7DEC96EC871B}.Release|x64.Build.0 = Release|x64
		{F7904B5E-BB03-30B2-BBEA-7DEC96EC871B}.RelWithDebInfo|x64.ActiveCfg = RelWithDebInfo|x64
		{F7904B5E-BB03-30B2-BBEA-7DEC96EC871B}.RelWithDebInfo|x64.Build.0 = RelWithDebInfo|x64
		{BAB5DF94-447F-3944-9602-E7DA10B69F89}.Debug|x64.ActiveCfg = Debug|x64
		{BAB5DF94-447F-3944-9602-E7DA10B69F89}.Debug|x64.Build.0 = Debug|x64
		{BAB5DF94-447F-3944-9602-E7DA10B69F89}.MinSizeRel|x64.ActiveCfg = MinSizeRel|x64
		{BAB5DF94-447F-3944-9602-E7DA10B69F89}.MinSizeRel|x64.Build.0 = MinSizeRel|x64
		{BAB5DF94-447F-3944-9602-E7DA10B69F89}.Release|x64.ActiveCfg = Release|x64
		{BAB5DF94-447F-3944-9602-E7DA10B69F89}.Release|x64.Build.0 = Release|x64
		{BAB5DF94-447F-3944-9602-E7DA10B69F89}.RelWithDebInfo|x64.ActiveCfg = RelWithDebInfo|x64
		{BAB5DF94-447F-3944-9602-E7DA10B69F89}.RelWithDebInfo|x64.Build.0 = RelWithDebInfo|x64
		{22616572-921D-3966-9CB2-5761BFC0F1D1}.Debug|x64.ActiveCfg = Debug|x64
		{22616572-921D-3966-9CB2-5761BFC0F1D1}.Debug|x64.Build.0 = Debug|x64
		{22616572-921D-3966-9CB2-5761BFC0F1D1}.MinSizeRel|x64.ActiveCfg = MinSizeRel|x64
		{22616572-921D-3966-9CB2-5761BFC0F1D1}.MinSizeRel|x64.Build.0 = MinSizeRel|x64
		{22616572-921D-3966-9CB2-5761BFC0F1D1}.Release|x64.ActiveCfg = Release|x64
		{22616572-921D-3966-9CB2-5761BFC0F1D1}.Release|x64.Build.0 = Release|x64
		{22616572-921D-3966-9CB2-5761BFC0F1D1}.RelWithDebInfo|x64.ActiveCfg = RelWithDebInfo|x64
		{22616572-921D-3966-9CB2-5761BFC0F1D1}.RelWithDebInfo|x64.Build.0 = RelWithDebInfo|x64
		{57845834-4330-303E-B139-47435FA8E061}.Debug|x64.ActiveCfg = Debug|x64
		{57845834-4330-303E-B139-47435FA8E061}.Debug|x64.Build.0 = Debug|x64
		{57845834-4330-303E-B139-47435FA8E061}.MinSizeRel|x64.ActiveCfg = MinSizeRel|x64
		{57845834-4330-303E-B139-47435FA8E061}.MinSizeRel|x64.Build.0 = MinSizeRel|x64
		{57845834-4330-303E-B139-47435FA8E061}.Release|x64.ActiveCfg = Release|x64
		{57845834-4330-303E-B139-47435FA8E061}.Release|x64.Build.0 = Release|x64
		{57845834-4330-303E-B139-47435FA8E061}.RelWithDebInfo|x64.ActiveCfg = RelWithDebInfo|x64
		{57845834-4330-303E-B139-47435FA8E061}.RelWithDebInfo|x64.Build.0 = RelWithDebInfo|x64
		{00137C04-B687-337A-BB00-D5C55D857917}.Debug|x64.ActiveCfg = Debug|x64
		{00137C04-B687-337A-BB00-D5C55D857917}.Debug|x64.Build.0 = Debug|x64
		{00137C04-B687-337A-BB00-D5C55D857917}.MinSizeRel|x64.ActiveCfg = MinSizeRel|x64
		{00137C04-B687-337A-BB00-D5C55D857917}.MinSizeRel|x64.Build.0 = MinSizeRel|x64
		{00137C04-B687-337A-BB00-D5C55D857917}.Release|x64.ActiveCfg = Release|x64
		{00137C04-B687-337A-BB00-D5C55D857917}.Release|x64.Build.0 = Release|x64
		{00137C04-B687-337A-BB00-D5C55D857917}.RelWithDebInfo|x64.ActiveCfg = RelWithDebInfo|x64
		{00137C04-B687-337A-BB00-D5C55D857917}.RelWithDebInfo|x64.Build.0 = RelWithDebInfo|x64
		{8630DB71-EC2F-39C2-A7E5-497FBD65E1E0}.Debug|x64.ActiveCfg = Debug|x64
		{8630DB71-EC2F-39C2-A7E5-497FBD65E1E0}.Debug|x64.Build.0 = Debug|x64
		{8630DB71-EC2F-39C2-A7E5-497FBD65E1E0}.MinSizeRel|x64.ActiveCfg = MinSizeRel|x64
		{8630DB71-EC2F-39C2-A7E5-497FBD65E1E0}.MinSizeRel|x64.Build.0 = MinSizeRel|x64
		{8630DB71-EC2F-39C2-A7E5-497FBD65E1E0}.Release|x64.ActiveCfg = Release|x64
		{8630DB71-EC2F-39C2-A7E5-497FBD65E1E0}.Release|x64.Build.0 = Release|x64
		{8630DB71-EC2F-39C2-A7E5-497FBD65E1E0}.RelWithDebInfo|x64.ActiveCfg = RelWithDebInfo|x64
		{8630DB71-EC2F-39C2-A7E5-497FBD65E1E0}.RelWithDebInfo|x64.Build.0 = RelWithDebInfo|x64
		{CBB1B816-04B9-3965-8A43-834E6C4C769D}.Debug|x64.ActiveCfg = Debug|x64
		{CBB1B816-04B9-3965-8A43-834E6C4C769D}.Debug|x64.Build.0 = Debug|x64
		{CBB1B816-04B9-3965-8A43-834E6C4C769D}.MinSizeRel|x64.ActiveCfg = MinSizeRel|x64
		{CBB1B816-04B9-3965-8A43-834E6C4C769D}.MinSizeRel|x64.Build.0 = MinSizeRel|x64
		{CBB1B816-04B9-3965-8A43-834E6C4C769D}.Release|x64.ActiveCfg = Release|x64
		{CBB1B816-04B9-3965-8A43-834E6C4C769D}.Release|x64.Build.0 = Release|x64
		{CBB1B816-04B9-3965-8A43-834E6C4C769D}.RelWithDebInfo|x64.ActiveCfg = RelWithDebInfo|x64
		{CBB1B816-04B9-3965-8A43-834E6C4C769D}.RelWithDebInfo|x64.Build.0 = RelWithDebInfo|x64
		{BF22E61C-8900-32B3-A3DE-572B560C88DC}.Debug|x64.ActiveCfg = Debug|x64
		{BF22E61C-8900-32B3-A3DE-572B560C88DC}.Debug|x64.Build.0 = Debug|x64
		{BF22E61C-8900-32B3-A3DE-572B560C88DC}.MinSizeRel|x64.ActiveCfg = MinSizeRel|x64
		{BF22E61C-8900-32B3-A3DE-572B560C88DC}.MinSizeRel|x64.Build.0 = MinSizeRel|x64
		{BF22E61C-8900-32B3-A3DE-572B560C88DC}.Release|x64.ActiveCfg = Release|x64
		{BF22E61C-8900-32B3-A3DE-572B560C88DC}.Release|x64.Build.0 = Release|x64
		{BF22E61C-8900-32B3-A3DE-572B560C88DC}.RelWithDebInfo|x64.ActiveCfg = RelWithDebInfo|x64
		{BF22E61C-8900-32B3-A3DE-572B560C88DC}.RelWithDebInfo|x64.Build.0 = RelWithDebInfo|x64
		{3C30C25C-BAD7-3F3E-B592-264DCB2E5EBA}.Debug|x64.ActiveCfg = Debug|x64
		{3C30C25C-BAD7-3F3E-B592-264DCB2E5EBA}.Debug|x64.Build.0 = Debug|x64
		{3C30C25C-BAD7-3F3E-B592-264DCB2E5EBA}.MinSizeRel|x64.ActiveCfg = MinSizeRel|x64
		{3C30C25C-BAD7-3F3E-B592-264DCB2E5EBA}.MinSizeRel|x64.Build.0 = MinSizeRel|x64
		{3C30C25C-BAD7-3F3E-B592-264DCB2E5EBA}.Release|x64.ActiveCfg = Release|x64
		{3C30C25C-BAD7-3F3E-B592-264DCB2E5EBA}.Release|x64.Build.0 = Release|x64
		{3C30C25C-BAD7-3F3E-B592-264DCB2E5EBA}.RelWithDebInfo|x64.ActiveCfg = RelWithDebInfo|x64
		{3C30C25C-BAD7-3F3E-B592-264DCB2E5EBA}.RelWithDebInfo|x64.Build.0 = RelWithDebInfo|x64
		{D3775BE7-9A86-3668-A21C-D84EDE5CAD59}.Debug|x64.ActiveCfg = Debug|x64
		{D3775BE7-9A86-3668-A21C-D84EDE5CAD59}.Debug|x64.Build.0 = Debug|x64
		{D3775BE7-9A86-3668-A21C-D84EDE5CAD59}.MinSizeRel|x64.ActiveCfg = MinSizeRel|x64
		{D3775BE7-9A86-3668-A21C-D84EDE5CAD59}.MinSizeRel|x64.Build.0 = MinSizeRel|x64
		{D3775BE7-9A86-3668-A21C-D84EDE5CAD59}.Release|x64.ActiveCfg = Release|x64
		{D3775BE7-9A86-3668-A21C-D84EDE5CAD59}.Release|x64.Build.0 = Release|x64
		{D3775BE7-9A86-3668-A21C-D84EDE5CAD59}.RelWithDebInfo|x64.ActiveCfg = RelWithDebInfo|x64
		{D3775BE7-9A86-3668-A21C-D84EDE5CAD59}.RelWithDebInfo|x64.Build.0 = RelWithDebInfo|x64
		{845AAC55-B674-3257-9866-A6FA6BB14A71}.Debug|x64.ActiveCfg = Debug|x64
		{845AAC55-B674-3257-9866-A6FA6BB14A71}.MinSizeRel|x64.ActiveCfg = MinSizeRel|x64
		{845AAC55-B674-3257-9866-A6FA6BB14A71}.Release|x64.ActiveCfg = Release|x64
		{845AAC55-B674-3257-9866-A6FA6BB14A71}.RelWithDebInfo|x64.ActiveCfg = RelWithDebInfo|x64
		{91F69437-D502-3A48-BAA1-95143E6158B5}.Debug|x64.ActiveCfg = Debug|x64
		{91F69437-D502-3A48-BAA1-95143E6158B5}.Debug|x64.Build.0 = Debug|x64
		{91F69437-D502-3A48-BAA1-95143E6158B5}.MinSizeRel|x64.ActiveCfg = MinSizeRel|x64
		{91F69437-D502-3A48-BAA1-95143E6158B5}.MinSizeRel|x64.Build.0 = MinSizeRel|x64
		{91F69437-D502-3A48-BAA1-95143E6158B5}.Release|x64.ActiveCfg = Release|x64
		{91F69437-D502-3A48-BAA1-95143E6158B5}.Release|x64.Build.0 = Release|x64
		{91F69437-D502-3A48-BAA1-95143E6158B5}.RelWithDebInfo|x64.ActiveCfg = RelWithDebInfo|x64
		{91F69437-D502-3A48-BAA1-95143E6158B5}.RelWithDebInfo|x64.Build.0 = RelWithDebInfo|x64
		{B419EF36-0754-3647-80CF-8FA2954B991D}.Debug|x64.ActiveCfg = Debug|x64
		{B419EF36-0754-3647-80CF-8FA2954B991D}.Debug|x64.Build.0 = Debug|x64
		{B419EF36-0754-3647-80CF-8FA2954B991D}.MinSizeRel|x64.ActiveCfg = MinSizeRel|x64
		{B419EF36-0754-3647-80CF-8FA2954B991D}.MinSizeRel|x64.Build.0 = MinSizeRel|x64
		{B419EF36-0754-3647-80CF-8FA2954B991D}.Release|x64.ActiveCfg = Release|x64
		{B419EF36-0754-3647-80CF-8FA2954B991D}.Release|x64.Build.0 = Release|x64
		{B419EF36-0754-3647-80CF-8FA2954B991D}.RelWithDebInfo|x64.ActiveCfg = RelWithDebInfo|x64
		{B419EF36-0754-3647-80CF-8FA2954B991D}.RelWithDebInfo|x64.Build.0 = RelWithDebInfo|x64
		{6B110232-744E-37F6-A30D-F7D587B6FD3D}.Debug|x64.ActiveCfg = Debug|x64
		{6B110232-744E-37F6-A30D-F7D587B6FD3D}.Debug|x64.Build.0 = Debug|x64
		{6B110232-744E-37F6-A30D-F7D587B6FD3D}.MinSizeRel|x64.ActiveCfg = MinSizeRel|x64
		{6B110232-744E-37F6-A30D-F7D587B6FD3D}.MinSizeRel|x64.Build.0 = MinSizeRel|x64
		{6B110232-744E-37F6-A30D-F7D587B6FD3D}.Release|x64.ActiveCfg = Release|x64
		{6B110232-744E-37F6-A30D-F7D587B6FD3D}.Release|x64.Build.0 = Release|x64
		{6B110232-744E-37F6-A30D-F7D587B6FD3D}.RelWithDebInfo|x64.ActiveCfg = RelWithDebInfo|x64
		{6B110232-744E-37F6-A30D-F7D587B6FD3D}.RelWithDebInfo|x64.Build.0 = RelWithDebInfo|x64
		{EB53D233-6689-3E90-9726-6FCEB99DF231}.Debug|x64.ActiveCfg = Debug|x64
		{EB53D233-6689-3E90-9726-6FCEB99DF231}.MinSizeRel|x64.ActiveCfg = MinSizeRel|x64
		{EB53D233-6689-3E90-9726-6FCEB99DF231}.MinSizeRel|x64.Build.0 = MinSizeRel|x64
		{EB53D233-6689-3E90-9726-6FCEB99DF231}.Release|x64.ActiveCfg = Release|x64
		{EB53D233-6689-3E90-9726-6FCEB99DF231}.Release|x64.Build.0 = Release|x64
		{EB53D233-6689-3E90-9726-6FCEB99DF231}.RelWithDebInfo|x64.ActiveCfg = RelWithDebInfo|x64
		{EB53D233-6689-3E90-9726-6FCEB99DF231}.RelWithDebInfo|x64.Build.0 = RelWithDebInfo|x64
		{A5D90FD7-49F1-3058-9235-F44380617BE3}.Debug|x64.ActiveCfg = Debug|x64
		{A5D90FD7-49F1-3058-9235-F44380617BE3}.Debug|x64.Build.0 = Debug|x64
		{A5D90FD7-49F1-3058-9235-F44380617BE3}.MinSizeRel|x64.ActiveCfg = MinSizeRel|x64
		{A5D90FD7-49F1-3058-9235-F44380617BE3}.MinSizeRel|x64.Build.0 = MinSizeRel|x64
		{A5D90FD7-49F1-3058-9235-F44380617BE3}.Release|x64.ActiveCfg = Release|x64
		{A5D90FD7-49F1-3058-9235-F44380617BE3}.Release|x64.Build.0 = Release|x64
		{A5D90FD7-49F1-3058-9235-F44380617BE3}.RelWithDebInfo|x64.ActiveCfg = RelWithDebInfo|x64
		{A5D90FD7-49F1-3058-9235-F44380617BE3}.RelWithDebInfo|x64.Build.0 = RelWithDebInfo|x64
		{95266C54-8FCF-3D04-BE96-7BF2E18EBADF}.Debug|x64.ActiveCfg = Debug|x64
		{95266C54-8FCF-3D04-BE96-7BF2E18EBADF}.Debug|x64.Build.0 = Debug|x64
		{95266C54-8FCF-3D04-BE96-7BF2E18EBADF}.MinSizeRel|x64.ActiveCfg = MinSizeRel|x64
		{95266C54-8FCF-3D04-BE96-7BF2E18EBADF}.MinSizeRel|x64.Build.0 = MinSizeRel|x64
		{95266C54-8FCF-3D04-BE96-7BF2E18EBADF}.Release|x64.ActiveCfg = Release|x64
		{95266C54-8FCF-3D04-BE96-7BF2E18EBADF}.Release|x64.Build.0 = Release|x64
		{95266C54-8FCF-3D04-BE96-7BF2E18EBADF}.RelWithDebInfo|x64.ActiveCfg = RelWithDebInfo|x64
		{95266C54-8FCF-3D04-BE96-7BF2E18EBADF}.RelWithDebInfo|x64.Build.0 = RelWithDebInfo|x64
	EndGlobalSection
	GlobalSection(SolutionProperties) = preSolution
		HideSolutionNode = FALSE
	EndGlobalSection
	GlobalSection(ExtensibilityGlobals) = postSolution
		SolutionGuid = {DF9180A1-E2C5-3A15-8EE3-9884BB026F75}
	EndGlobalSection
EndGlobal
