<?xml version="1.0" encoding="utf-8"?>
<Project ToolsVersion="17.0" xmlns="http://schemas.microsoft.com/developer/msbuild/2003">
  <ItemGroup>
    <ClCompile Include="C:\Users\David Work\Desktop\DreamerCollectiveprojects\DreamerEpicCycle\source\interaction\Character\Characters.cpp">
      <Filter>Source Files</Filter>
    </ClCompile>
    <ClCompile Include="C:\Users\David Work\Desktop\DreamerCollectiveprojects\DreamerEpicCycle\source\interaction\Command\Unit.cpp">
      <Filter>Source Files</Filter>
    </ClCompile>
    <ClCompile Include="C:\Users\David Work\Desktop\DreamerCollectiveprojects\DreamerEpicCycle\source\interaction\Helpers\MathHelpers.cpp">
      <Filter>Source Files</Filter>
    </ClCompile>
    <ClCompile Include="C:\Users\David Work\Desktop\DreamerCollectiveprojects\DreamerEpicCycle\source\interaction\Items\ItemConfig\ItemConfig.cpp">
      <Filter>Source Files</Filter>
    </ClCompile>
    <ClCompile Include="C:\Users\David Work\Desktop\DreamerCollectiveprojects\DreamerEpicCycle\source\interaction\Items\ItemGeneration\ItemGeneration.cpp">
      <Filter>Source Files</Filter>
    </ClCompile>
    <ClCompile Include="C:\Users\David Work\Desktop\DreamerCollectiveprojects\DreamerEpicCycle\source\interaction\Items\ItemGeneration\ItemGenerationAffixes.cpp">
      <Filter>Source Files</Filter>
    </ClCompile>
    <ClCompile Include="C:\Users\David Work\Desktop\DreamerCollectiveprojects\DreamerEpicCycle\source\interaction\Items\ItemGeneration\ItemGenerationBase.cpp">
      <Filter>Source Files</Filter>
    </ClCompile>
    <ClCompile Include="C:\Users\David Work\Desktop\DreamerCollectiveprojects\DreamerEpicCycle\source\interaction\Items\ItemGeneration\ItemGenerationManufacturer.cpp">
      <Filter>Source Files</Filter>
    </ClCompile>
    <ClCompile Include="C:\Users\David Work\Desktop\DreamerCollectiveprojects\DreamerEpicCycle\source\interaction\Items\ItemGeneration\ItemGenerationMaterial.cpp">
      <Filter>Source Files</Filter>
    </ClCompile>
    <ClCompile Include="C:\Users\David Work\Desktop\DreamerCollectiveprojects\DreamerEpicCycle\source\interaction\Items\ItemGeneration\ItemGenerationParts.cpp">
      <Filter>Source Files</Filter>
    </ClCompile>
    <ClCompile Include="C:\Users\David Work\Desktop\DreamerCollectiveprojects\DreamerEpicCycle\source\interaction\Items\ItemGeneration\ItemGenerationQuality.cpp">
      <Filter>Source Files</Filter>
    </ClCompile>
    <ClCompile Include="C:\Users\David Work\Desktop\DreamerCollectiveprojects\DreamerEpicCycle\source\interaction\Items\ItemGeneration\ItemGenerationRarity.cpp">
      <Filter>Source Files</Filter>
    </ClCompile>
    <ClCompile Include="C:\Users\David Work\Desktop\DreamerCollectiveprojects\DreamerEpicCycle\source\interaction\Items\ItemGeneration\ItemGenerationSeed.cpp">
      <Filter>Source Files</Filter>
    </ClCompile>
    <ClCompile Include="C:\Users\David Work\Desktop\DreamerCollectiveprojects\DreamerEpicCycle\source\interaction\Items\ItemGeneration\ItemGenerationStatCompile.cpp">
      <Filter>Source Files</Filter>
    </ClCompile>
    <ClCompile Include="C:\Users\David Work\Desktop\DreamerCollectiveprojects\DreamerEpicCycle\source\interaction\Items\ItemGeneration\ItemGenerationStats.cpp">
      <Filter>Source Files</Filter>
    </ClCompile>
    <ClCompile Include="C:\Users\David Work\Desktop\DreamerCollectiveprojects\DreamerEpicCycle\source\interaction\Items\ItemGeneration\ItemGenerationTags.cpp">
      <Filter>Source Files</Filter>
    </ClCompile>
    <ClCompile Include="C:\Users\David Work\Desktop\DreamerCollectiveprojects\DreamerEpicCycle\source\interaction\Universe\Area\ChunkCreation.cpp">
      <Filter>Source Files</Filter>
    </ClCompile>
    <ClCompile Include="C:\Users\David Work\Desktop\DreamerCollectiveprojects\DreamerEpicCycle\source\interaction\Universe\Area\RegionCreation.cpp">
      <Filter>Source Files</Filter>
    </ClCompile>
    <ClCompile Include="C:\Users\David Work\Desktop\DreamerCollectiveprojects\DreamerEpicCycle\source\interaction\Universe\Galaxy\GalaxySystems.cpp">
      <Filter>Source Files</Filter>
    </ClCompile>
    <ClCompile Include="C:\Users\David Work\Desktop\DreamerCollectiveprojects\DreamerEpicCycle\source\interaction\Universe\World\BioneCreation.cpp">
      <Filter>Source Files</Filter>
    </ClCompile>
  </ItemGroup>
  <ItemGroup>
    <ClInclude Include="C:\Users\David Work\Desktop\DreamerCollectiveprojects\DreamerEpicCycle\source\interaction\Character\CharacterComponents.h">
      <Filter>Header Files</Filter>
    </ClInclude>
    <ClInclude Include="C:\Users\David Work\Desktop\DreamerCollectiveprojects\DreamerEpicCycle\source\interaction\Character\Characters.h">
      <Filter>Header Files</Filter>
    </ClInclude>
    <ClInclude Include="C:\Users\David Work\Desktop\DreamerCollectiveprojects\DreamerEpicCycle\source\interaction\Civilisation\CivilisationComponents.h">
      <Filter>Header Files</Filter>
    </ClInclude>
    <ClInclude Include="C:\Users\David Work\Desktop\DreamerCollectiveprojects\DreamerEpicCycle\source\interaction\Civilisation\CivilisationModule.h">
      <Filter>Header Files</Filter>
    </ClInclude>
    <ClInclude Include="C:\Users\David Work\Desktop\DreamerCollectiveprojects\DreamerEpicCycle\source\interaction\Command\Unit.h">
      <Filter>Header Files</Filter>
    </ClInclude>
    <ClInclude Include="C:\Users\David Work\Desktop\DreamerCollectiveprojects\DreamerEpicCycle\source\interaction\Command\UnitComponents.h">
      <Filter>Header Files</Filter>
    </ClInclude>
    <ClInclude Include="C:\Users\David Work\Desktop\DreamerCollectiveprojects\DreamerEpicCycle\source\interaction\Helpers\MathHelpers.h">
      <Filter>Header Files</Filter>
    </ClInclude>
    <ClInclude Include="C:\Users\David Work\Desktop\DreamerCollectiveprojects\DreamerEpicCycle\source\interaction\Items\ItemComponents.h">
      <Filter>Header Files</Filter>
    </ClInclude>
    <ClInclude Include="C:\Users\David Work\Desktop\DreamerCollectiveprojects\DreamerEpicCycle\source\interaction\Items\ItemModule.h">
      <Filter>Header Files</Filter>
    </ClInclude>
    <ClInclude Include="C:\Users\David Work\Desktop\DreamerCollectiveprojects\DreamerEpicCycle\source\interaction\Items\ItemConfig\ItemConfig.h">
      <Filter>Header Files</Filter>
    </ClInclude>
    <ClInclude Include="C:\Users\David Work\Desktop\DreamerCollectiveprojects\DreamerEpicCycle\source\interaction\Items\ItemConfig\ItemConfigComponents.h">
      <Filter>Header Files</Filter>
    </ClInclude>
    <ClInclude Include="C:\Users\David Work\Desktop\DreamerCollectiveprojects\DreamerEpicCycle\source\interaction\Items\ItemConfig\ItemConfigModule.h">
      <Filter>Header Files</Filter>
    </ClInclude>
    <ClInclude Include="C:\Users\David Work\Desktop\DreamerCollectiveprojects\DreamerEpicCycle\source\interaction\Items\ItemGeneration\ItemGenerationModule.h">
      <Filter>Header Files</Filter>
    </ClInclude>
    <ClInclude Include="C:\Users\David Work\Desktop\DreamerCollectiveprojects\DreamerEpicCycle\source\interaction\Items\ItemGeneration\ItemGeneration.h">
      <Filter>Header Files</Filter>
    </ClInclude>
    <ClInclude Include="C:\Users\David Work\Desktop\DreamerCollectiveprojects\DreamerEpicCycle\source\interaction\Items\ItemGeneration\ItemGenerationAffixes.h">
      <Filter>Header Files</Filter>
    </ClInclude>
    <ClInclude Include="C:\Users\David Work\Desktop\DreamerCollectiveprojects\DreamerEpicCycle\source\interaction\Items\ItemGeneration\ItemGenerationBase.h">
      <Filter>Header Files</Filter>
    </ClInclude>
    <ClInclude Include="C:\Users\David Work\Desktop\DreamerCollectiveprojects\DreamerEpicCycle\source\interaction\Items\ItemGeneration\ItemGenerationManufacturer.h">
      <Filter>Header Files</Filter>
    </ClInclude>
    <ClInclude Include="C:\Users\David Work\Desktop\DreamerCollectiveprojects\DreamerEpicCycle\source\interaction\Items\ItemGeneration\ItemGenerationMaterial.h">
      <Filter>Header Files</Filter>
    </ClInclude>
    <ClInclude Include="C:\Users\David Work\Desktop\DreamerCollectiveprojects\DreamerEpicCycle\source\interaction\Items\ItemGeneration\ItemGenerationParts.h">
      <Filter>Header Files</Filter>
    </ClInclude>
    <ClInclude Include="C:\Users\David Work\Desktop\DreamerCollectiveprojects\DreamerEpicCycle\source\interaction\Items\ItemGeneration\ItemGenerationQuality.h">
      <Filter>Header Files</Filter>
    </ClInclude>
    <ClInclude Include="C:\Users\David Work\Desktop\DreamerCollectiveprojects\DreamerEpicCycle\source\interaction\Items\ItemGeneration\ItemGenerationRarity.h">
      <Filter>Header Files</Filter>
    </ClInclude>
    <ClInclude Include="C:\Users\David Work\Desktop\DreamerCollectiveprojects\DreamerEpicCycle\source\interaction\Items\ItemGeneration\ItemGenerationSeed.h">
      <Filter>Header Files</Filter>
    </ClInclude>
    <ClInclude Include="C:\Users\David Work\Desktop\DreamerCollectiveprojects\DreamerEpicCycle\source\interaction\Items\ItemGeneration\ItemGenerationStatCompile.h">
      <Filter>Header Files</Filter>
    </ClInclude>
    <ClInclude Include="C:\Users\David Work\Desktop\DreamerCollectiveprojects\DreamerEpicCycle\source\interaction\Items\ItemGeneration\ItemGenerationStats.h">
      <Filter>Header Files</Filter>
    </ClInclude>
    <ClInclude Include="C:\Users\David Work\Desktop\DreamerCollectiveprojects\DreamerEpicCycle\source\interaction\Items\ItemGeneration\ItemGenerationTags.h">
      <Filter>Header Files</Filter>
    </ClInclude>
    <ClInclude Include="C:\Users\David Work\Desktop\DreamerCollectiveprojects\DreamerEpicCycle\source\interaction\Universe\Area\ChunkComponents.h">
      <Filter>Header Files</Filter>
    </ClInclude>
    <ClInclude Include="C:\Users\David Work\Desktop\DreamerCollectiveprojects\DreamerEpicCycle\source\interaction\Universe\Area\ChunkCreation.h">
      <Filter>Header Files</Filter>
    </ClInclude>
    <ClInclude Include="C:\Users\David Work\Desktop\DreamerCollectiveprojects\DreamerEpicCycle\source\interaction\Universe\Area\RegionCreation.h">
      <Filter>Header Files</Filter>
    </ClInclude>
    <ClInclude Include="C:\Users\David Work\Desktop\DreamerCollectiveprojects\DreamerEpicCycle\source\interaction\Universe\Area\VoxelComponents.h">
      <Filter>Header Files</Filter>
    </ClInclude>
    <ClInclude Include="C:\Users\David Work\Desktop\DreamerCollectiveprojects\DreamerEpicCycle\source\interaction\Universe\Galaxy\GalaxyComponentConfig.h">
      <Filter>Header Files</Filter>
    </ClInclude>
    <ClInclude Include="C:\Users\David Work\Desktop\DreamerCollectiveprojects\DreamerEpicCycle\source\interaction\Universe\Galaxy\GalaxyComponents.h">
      <Filter>Header Files</Filter>
    </ClInclude>
    <ClInclude Include="C:\Users\David Work\Desktop\DreamerCollectiveprojects\DreamerEpicCycle\source\interaction\Universe\Galaxy\GalaxySystems.h">
      <Filter>Header Files</Filter>
    </ClInclude>
    <ClInclude Include="C:\Users\David Work\Desktop\DreamerCollectiveprojects\DreamerEpicCycle\source\interaction\Universe\World\BioneComponents.h">
      <Filter>Header Files</Filter>
    </ClInclude>
    <ClInclude Include="C:\Users\David Work\Desktop\DreamerCollectiveprojects\DreamerEpicCycle\source\interaction\Universe\World\BioneCreation.h">
      <Filter>Header Files</Filter>
    </ClInclude>
  </ItemGroup>
  <ItemGroup>
    <CustomBuild Include="C:\Users\David Work\Desktop\DreamerCollectiveprojects\DreamerEpicCycle\CMakeLists.txt" />
  </ItemGroup>
  <ItemGroup>
    <Filter Include="Header Files">
      <UniqueIdentifier>{533BEFCE-697A-3704-AA92-F5317558B864}</UniqueIdentifier>
    </Filter>
    <Filter Include="Source Files">
      <UniqueIdentifier>{4554E662-4B8D-35C5-8274-DC31DD9FF661}</UniqueIdentifier>
    </Filter>
  </ItemGroup>
</Project>
