<?xml version="1.0" encoding="utf-8"?>
<Project ToolsVersion="17.0" xmlns="http://schemas.microsoft.com/developer/msbuild/2003">
  <ItemGroup>
    <ClCompile Include="C:\Users\David Work\Desktop\DreamerCollectiveprojects\DreamerEpicCycle\source\graphics\asynchronous_loader.cpp">
      <Filter>Source Files</Filter>
    </ClCompile>
    <ClCompile Include="C:\Users\David Work\Desktop\DreamerCollectiveprojects\DreamerEpicCycle\source\graphics\command_buffer.cpp">
      <Filter>Source Files</Filter>
    </ClCompile>
    <ClCompile Include="C:\Users\David Work\Desktop\DreamerCollectiveprojects\DreamerEpicCycle\source\graphics\frame_graph.cpp">
      <Filter>Source Files</Filter>
    </ClCompile>
    <ClCompile Include="C:\Users\David Work\Desktop\DreamerCollectiveprojects\DreamerEpicCycle\source\graphics\gltf_scene.cpp">
      <Filter>Source Files</Filter>
    </ClCompile>
    <ClCompile Include="C:\Users\David Work\Desktop\DreamerCollectiveprojects\DreamerEpicCycle\source\graphics\gpu_device.cpp">
      <Filter>Source Files</Filter>
    </ClCompile>
    <ClCompile Include="C:\Users\David Work\Desktop\DreamerCollectiveprojects\DreamerEpicCycle\source\graphics\gpu_profiler.cpp">
      <Filter>Source Files</Filter>
    </ClCompile>
    <ClCompile Include="C:\Users\David Work\Desktop\DreamerCollectiveprojects\DreamerEpicCycle\source\graphics\gpu_resources.cpp">
      <Filter>Source Files</Filter>
    </ClCompile>
    <ClCompile Include="C:\Users\David Work\Desktop\DreamerCollectiveprojects\DreamerEpicCycle\source\graphics\obj_scene.cpp">
      <Filter>Source Files</Filter>
    </ClCompile>
    <ClCompile Include="C:\Users\David Work\Desktop\DreamerCollectiveprojects\DreamerEpicCycle\source\graphics\render_resources_loader.cpp">
      <Filter>Source Files</Filter>
    </ClCompile>
    <ClCompile Include="C:\Users\David Work\Desktop\DreamerCollectiveprojects\DreamerEpicCycle\source\graphics\render_scene.cpp">
      <Filter>Source Files</Filter>
    </ClCompile>
    <ClCompile Include="C:\Users\David Work\Desktop\DreamerCollectiveprojects\DreamerEpicCycle\source\graphics\renderer.cpp">
      <Filter>Source Files</Filter>
    </ClCompile>
    <ClCompile Include="C:\Users\David Work\Desktop\DreamerCollectiveprojects\DreamerEpicCycle\source\graphics\scene_graph.cpp">
      <Filter>Source Files</Filter>
    </ClCompile>
    <ClCompile Include="C:\Users\David Work\Desktop\DreamerCollectiveprojects\DreamerEpicCycle\source\graphics\spirv_parser.cpp">
      <Filter>Source Files</Filter>
    </ClCompile>
    <ClCompile Include="C:\Users\David Work\Desktop\DreamerCollectiveprojects\DreamerEpicCycle\source\graphics\raptor_imgui.cpp">
      <Filter>Source Files</Filter>
    </ClCompile>
  </ItemGroup>
  <ItemGroup>
    <ClInclude Include="C:\Users\David Work\Desktop\DreamerCollectiveprojects\DreamerEpicCycle\source\graphics\asynchronous_loader.hpp">
      <Filter>Header Files</Filter>
    </ClInclude>
    <ClInclude Include="C:\Users\David Work\Desktop\DreamerCollectiveprojects\DreamerEpicCycle\source\graphics\command_buffer.hpp">
      <Filter>Header Files</Filter>
    </ClInclude>
    <ClInclude Include="C:\Users\David Work\Desktop\DreamerCollectiveprojects\DreamerEpicCycle\source\graphics\frame_graph.hpp">
      <Filter>Header Files</Filter>
    </ClInclude>
    <ClInclude Include="C:\Users\David Work\Desktop\DreamerCollectiveprojects\DreamerEpicCycle\source\graphics\gltf_scene.hpp">
      <Filter>Header Files</Filter>
    </ClInclude>
    <ClInclude Include="C:\Users\David Work\Desktop\DreamerCollectiveprojects\DreamerEpicCycle\source\graphics\gpu_device.hpp">
      <Filter>Header Files</Filter>
    </ClInclude>
    <ClInclude Include="C:\Users\David Work\Desktop\DreamerCollectiveprojects\DreamerEpicCycle\source\graphics\gpu_enum.hpp">
      <Filter>Header Files</Filter>
    </ClInclude>
    <ClInclude Include="C:\Users\David Work\Desktop\DreamerCollectiveprojects\DreamerEpicCycle\source\graphics\gpu_profiler.hpp">
      <Filter>Header Files</Filter>
    </ClInclude>
    <ClInclude Include="C:\Users\David Work\Desktop\DreamerCollectiveprojects\DreamerEpicCycle\source\graphics\gpu_resources.hpp">
      <Filter>Header Files</Filter>
    </ClInclude>
    <ClInclude Include="C:\Users\David Work\Desktop\DreamerCollectiveprojects\DreamerEpicCycle\source\graphics\obj_scene.hpp">
      <Filter>Header Files</Filter>
    </ClInclude>
    <ClInclude Include="C:\Users\David Work\Desktop\DreamerCollectiveprojects\DreamerEpicCycle\source\graphics\render_resources_loader.hpp">
      <Filter>Header Files</Filter>
    </ClInclude>
    <ClInclude Include="C:\Users\David Work\Desktop\DreamerCollectiveprojects\DreamerEpicCycle\source\graphics\render_scene.hpp">
      <Filter>Header Files</Filter>
    </ClInclude>
    <ClInclude Include="C:\Users\David Work\Desktop\DreamerCollectiveprojects\DreamerEpicCycle\source\graphics\renderer.hpp">
      <Filter>Header Files</Filter>
    </ClInclude>
    <ClInclude Include="C:\Users\David Work\Desktop\DreamerCollectiveprojects\DreamerEpicCycle\source\graphics\scene_graph.hpp">
      <Filter>Header Files</Filter>
    </ClInclude>
    <ClInclude Include="C:\Users\David Work\Desktop\DreamerCollectiveprojects\DreamerEpicCycle\source\graphics\spirv_parser.hpp">
      <Filter>Header Files</Filter>
    </ClInclude>
    <ClInclude Include="C:\Users\David Work\Desktop\DreamerCollectiveprojects\DreamerEpicCycle\source\graphics\raptor_imgui.hpp">
      <Filter>Header Files</Filter>
    </ClInclude>
  </ItemGroup>
  <ItemGroup>
    <CustomBuild Include="C:\Users\David Work\Desktop\DreamerCollectiveprojects\DreamerEpicCycle\CMakeLists.txt" />
  </ItemGroup>
  <ItemGroup>
    <Filter Include="Header Files">
      <UniqueIdentifier>{533BEFCE-697A-3704-AA92-F5317558B864}</UniqueIdentifier>
    </Filter>
    <Filter Include="Source Files">
      <UniqueIdentifier>{4554E662-4B8D-35C5-8274-DC31DD9FF661}</UniqueIdentifier>
    </Filter>
  </ItemGroup>
</Project>
