<?xml version="1.0" encoding="utf-8"?>
<Project ToolsVersion="17.0" xmlns="http://schemas.microsoft.com/developer/msbuild/2003">
  <ItemGroup>
    <ClCompile Include="C:\Users\David Work\Desktop\DreamerCollectiveprojects\DreamerEpicCycle\source\raptor\foundation\assert.cpp">
      <Filter>Source Files</Filter>
    </ClCompile>
    <ClCompile Include="C:\Users\David Work\Desktop\DreamerCollectiveprojects\DreamerEpicCycle\source\raptor\foundation\bit.cpp">
      <Filter>Source Files</Filter>
    </ClCompile>
    <ClCompile Include="C:\Users\David Work\Desktop\DreamerCollectiveprojects\DreamerEpicCycle\source\raptor\foundation\blob_serialization.cpp">
      <Filter>Source Files</Filter>
    </ClCompile>
    <ClCompile Include="C:\Users\David Work\Desktop\DreamerCollectiveprojects\DreamerEpicCycle\source\raptor\foundation\camera.cpp">
      <Filter>Source Files</Filter>
    </ClCompile>
    <ClCompile Include="C:\Users\David Work\Desktop\DreamerCollectiveprojects\DreamerEpicCycle\source\raptor\foundation\color.cpp">
      <Filter>Source Files</Filter>
    </ClCompile>
    <ClCompile Include="C:\Users\David Work\Desktop\DreamerCollectiveprojects\DreamerEpicCycle\source\raptor\foundation\data_structures.cpp">
      <Filter>Source Files</Filter>
    </ClCompile>
    <ClCompile Include="C:\Users\David Work\Desktop\DreamerCollectiveprojects\DreamerEpicCycle\source\raptor\foundation\file.cpp">
      <Filter>Source Files</Filter>
    </ClCompile>
    <ClCompile Include="C:\Users\David Work\Desktop\DreamerCollectiveprojects\DreamerEpicCycle\source\raptor\foundation\gltf.cpp">
      <Filter>Source Files</Filter>
    </ClCompile>
    <ClCompile Include="C:\Users\David Work\Desktop\DreamerCollectiveprojects\DreamerEpicCycle\source\raptor\foundation\log.cpp">
      <Filter>Source Files</Filter>
    </ClCompile>
    <ClCompile Include="C:\Users\David Work\Desktop\DreamerCollectiveprojects\DreamerEpicCycle\source\raptor\foundation\memory.cpp">
      <Filter>Source Files</Filter>
    </ClCompile>
    <ClCompile Include="C:\Users\David Work\Desktop\DreamerCollectiveprojects\DreamerEpicCycle\source\raptor\foundation\numerics.cpp">
      <Filter>Source Files</Filter>
    </ClCompile>
    <ClCompile Include="C:\Users\David Work\Desktop\DreamerCollectiveprojects\DreamerEpicCycle\source\raptor\foundation\process.cpp">
      <Filter>Source Files</Filter>
    </ClCompile>
    <ClCompile Include="C:\Users\David Work\Desktop\DreamerCollectiveprojects\DreamerEpicCycle\source\raptor\foundation\resource_manager.cpp">
      <Filter>Source Files</Filter>
    </ClCompile>
    <ClCompile Include="C:\Users\David Work\Desktop\DreamerCollectiveprojects\DreamerEpicCycle\source\raptor\foundation\serialization.cpp">
      <Filter>Source Files</Filter>
    </ClCompile>
    <ClCompile Include="C:\Users\David Work\Desktop\DreamerCollectiveprojects\DreamerEpicCycle\source\raptor\foundation\service_manager.cpp">
      <Filter>Source Files</Filter>
    </ClCompile>
    <ClCompile Include="C:\Users\David Work\Desktop\DreamerCollectiveprojects\DreamerEpicCycle\source\raptor\foundation\service.cpp">
      <Filter>Source Files</Filter>
    </ClCompile>
    <ClCompile Include="C:\Users\David Work\Desktop\DreamerCollectiveprojects\DreamerEpicCycle\source\raptor\foundation\string.cpp">
      <Filter>Source Files</Filter>
    </ClCompile>
    <ClCompile Include="C:\Users\David Work\Desktop\DreamerCollectiveprojects\DreamerEpicCycle\source\raptor\foundation\time.cpp">
      <Filter>Source Files</Filter>
    </ClCompile>
  </ItemGroup>
  <ItemGroup>
    <ClInclude Include="C:\Users\David Work\Desktop\DreamerCollectiveprojects\DreamerEpicCycle\source\raptor\foundation\array.hpp">
      <Filter>Header Files</Filter>
    </ClInclude>
    <ClInclude Include="C:\Users\David Work\Desktop\DreamerCollectiveprojects\DreamerEpicCycle\source\raptor\foundation\assert.hpp">
      <Filter>Header Files</Filter>
    </ClInclude>
    <ClInclude Include="C:\Users\David Work\Desktop\DreamerCollectiveprojects\DreamerEpicCycle\source\raptor\foundation\bit.hpp">
      <Filter>Header Files</Filter>
    </ClInclude>
    <ClInclude Include="C:\Users\David Work\Desktop\DreamerCollectiveprojects\DreamerEpicCycle\source\raptor\foundation\blob_serialization.hpp">
      <Filter>Header Files</Filter>
    </ClInclude>
    <ClInclude Include="C:\Users\David Work\Desktop\DreamerCollectiveprojects\DreamerEpicCycle\source\raptor\foundation\blob.hpp">
      <Filter>Header Files</Filter>
    </ClInclude>
    <ClInclude Include="C:\Users\David Work\Desktop\DreamerCollectiveprojects\DreamerEpicCycle\source\raptor\foundation\camera.hpp">
      <Filter>Header Files</Filter>
    </ClInclude>
    <ClInclude Include="C:\Users\David Work\Desktop\DreamerCollectiveprojects\DreamerEpicCycle\source\raptor\foundation\color.hpp">
      <Filter>Header Files</Filter>
    </ClInclude>
    <ClInclude Include="C:\Users\David Work\Desktop\DreamerCollectiveprojects\DreamerEpicCycle\source\raptor\foundation\data_structures.hpp">
      <Filter>Header Files</Filter>
    </ClInclude>
    <ClInclude Include="C:\Users\David Work\Desktop\DreamerCollectiveprojects\DreamerEpicCycle\source\raptor\foundation\file.hpp">
      <Filter>Header Files</Filter>
    </ClInclude>
    <ClInclude Include="C:\Users\David Work\Desktop\DreamerCollectiveprojects\DreamerEpicCycle\source\raptor\foundation\gltf.hpp">
      <Filter>Header Files</Filter>
    </ClInclude>
    <ClInclude Include="C:\Users\David Work\Desktop\DreamerCollectiveprojects\DreamerEpicCycle\source\raptor\foundation\hash_map.hpp">
      <Filter>Header Files</Filter>
    </ClInclude>
    <ClInclude Include="C:\Users\David Work\Desktop\DreamerCollectiveprojects\DreamerEpicCycle\source\raptor\foundation\log.hpp">
      <Filter>Header Files</Filter>
    </ClInclude>
    <ClInclude Include="C:\Users\David Work\Desktop\DreamerCollectiveprojects\DreamerEpicCycle\source\raptor\foundation\memory_utils.hpp">
      <Filter>Header Files</Filter>
    </ClInclude>
    <ClInclude Include="C:\Users\David Work\Desktop\DreamerCollectiveprojects\DreamerEpicCycle\source\raptor\foundation\memory.hpp">
      <Filter>Header Files</Filter>
    </ClInclude>
    <ClInclude Include="C:\Users\David Work\Desktop\DreamerCollectiveprojects\DreamerEpicCycle\source\raptor\foundation\numerics.hpp">
      <Filter>Header Files</Filter>
    </ClInclude>
    <ClInclude Include="C:\Users\David Work\Desktop\DreamerCollectiveprojects\DreamerEpicCycle\source\raptor\foundation\platform.hpp">
      <Filter>Header Files</Filter>
    </ClInclude>
    <ClInclude Include="C:\Users\David Work\Desktop\DreamerCollectiveprojects\DreamerEpicCycle\source\raptor\foundation\process.hpp">
      <Filter>Header Files</Filter>
    </ClInclude>
    <ClInclude Include="C:\Users\David Work\Desktop\DreamerCollectiveprojects\DreamerEpicCycle\source\raptor\foundation\relative_data_structures.hpp">
      <Filter>Header Files</Filter>
    </ClInclude>
    <ClInclude Include="C:\Users\David Work\Desktop\DreamerCollectiveprojects\DreamerEpicCycle\source\raptor\foundation\resource_manager.hpp">
      <Filter>Header Files</Filter>
    </ClInclude>
    <ClInclude Include="C:\Users\David Work\Desktop\DreamerCollectiveprojects\DreamerEpicCycle\source\raptor\foundation\serialization.hpp">
      <Filter>Header Files</Filter>
    </ClInclude>
    <ClInclude Include="C:\Users\David Work\Desktop\DreamerCollectiveprojects\DreamerEpicCycle\source\raptor\foundation\service_manager.hpp">
      <Filter>Header Files</Filter>
    </ClInclude>
    <ClInclude Include="C:\Users\David Work\Desktop\DreamerCollectiveprojects\DreamerEpicCycle\source\raptor\foundation\service.hpp">
      <Filter>Header Files</Filter>
    </ClInclude>
    <ClInclude Include="C:\Users\David Work\Desktop\DreamerCollectiveprojects\DreamerEpicCycle\source\raptor\foundation\string.hpp">
      <Filter>Header Files</Filter>
    </ClInclude>
    <ClInclude Include="C:\Users\David Work\Desktop\DreamerCollectiveprojects\DreamerEpicCycle\source\raptor\foundation\time.hpp">
      <Filter>Header Files</Filter>
    </ClInclude>
  </ItemGroup>
  <ItemGroup>
    <CustomBuild Include="C:\Users\David Work\Desktop\DreamerCollectiveprojects\DreamerEpicCycle\CMakeLists.txt" />
  </ItemGroup>
  <ItemGroup>
    <Filter Include="Header Files">
      <UniqueIdentifier>{533BEFCE-697A-3704-AA92-F5317558B864}</UniqueIdentifier>
    </Filter>
    <Filter Include="Source Files">
      <UniqueIdentifier>{4554E662-4B8D-35C5-8274-DC31DD9FF661}</UniqueIdentifier>
    </Filter>
  </ItemGroup>
</Project>
