<?xml version="1.0" encoding="utf-8"?>
<Project ToolsVersion="17.0" xmlns="http://schemas.microsoft.com/developer/msbuild/2003">
  <ItemGroup>
    <CustomBuild Include="C:\Users\David Work\Desktop\DreamerCollectiveprojects\DreamerEpicCycle\binaries\CMakeFiles\03f1b6b7bc61cc0467161a7882aed03f\generate.stamp.rule">
      <Filter>CMake Rules</Filter>
    </CustomBuild>
  </ItemGroup>
  <ItemGroup>
    <Filter Include="CMake Rules">
      <UniqueIdentifier>{2F4A5FCF-4770-3F3C-8124-0AB946E17619}</UniqueIdentifier>
    </Filter>
  </ItemGroup>
</Project>
